// !$*UTF8*$!
{
	archiveVersion = 1;
	classes = {
	};
	objectVersion = 46;
	objects = {

/* Begin PBXAggregateTarget section */
		1B860205C35440CDABA050FF /* ALL_BUILD */ = {
			isa = PBXAggregateTarget;
			buildConfigurationList = 6FD8A5C6E76D45FEA5537ADB /* Build configuration list for PBXAggregateTarget "ALL_BUILD" */;
			buildPhases = (
				9891BBCA69C243959E81663A /* CMake Rules */,
			);
			dependencies = (
				E594E64493ED4DBFA1EA0C9A /* PBXTargetDependency */,
				91E137476D404465B1A2A8AB /* PBXTargetDependency */,
			);
			name = ALL_BUILD;
			productName = ALL_BUILD;
		};
		D15875307E3C4B4BA39B3B62 /* ZERO_CHECK */ = {
			isa = PBXAggregateTarget;
			buildConfigurationList = ABBBCDB65B464E478EE332CF /* Build configuration list for PBXAggregateTarget "ZERO_CHECK" */;
			buildPhases = (
				5F09511AE4744B1FB09F6934 /* CMake Rules */,
			);
			dependencies = (
			);
			name = ZERO_CHECK;
			productName = ZERO_CHECK;
		};
/* End PBXAggregateTarget section */

/* Begin PBXBuildFile section */
		05BD5222245940F289983640 /* /Users/shalomfriss/Downloads/Examples_Gtkmm-master/src/Panel/Panel.cpp */ = {isa = PBXBuildFile; fileRef = D69E0348E3C0491193C08782 /* /Users/shalomfriss/Downloads/Examples_Gtkmm-master/src/Panel/Panel.cpp */; };
		0C41912F50644CBA8B9EA2F1 /* /Users/shalomfriss/Downloads/Examples_Gtkmm-master/src/Panel/CMakeLists.txt */ = {isa = PBXBuildFile; fileRef = C6A5056776194376BC6B653C /* /Users/shalomfriss/Downloads/Examples_Gtkmm-master/src/Panel/CMakeLists.txt */; };
		AA781D1978834E6AADFC6493 /* /Users/shalomfriss/Downloads/Examples_Gtkmm-master/src/Panel/CMakeFiles/Panel.dir/Info.plist */ = {isa = PBXBuildFile; fileRef = 1A798F1E5FD044DFA5F7ADB0 /* /Users/shalomfriss/Downloads/Examples_Gtkmm-master/src/Panel/CMakeFiles/Panel.dir/Info.plist */; };
/* End PBXBuildFile section */

/* Begin PBXBuildStyle section */
		658EC3545E9E4C66A330404A /* RelWithDebInfo */ = {
			isa = PBXBuildStyle;
			buildSettings = {
				COPY_PHASE_STRIP = NO;
			};
			name = RelWithDebInfo;
		};
		77E4828AC85748D0B0274BD0 /* Debug */ = {
			isa = PBXBuildStyle;
			buildSettings = {
				COPY_PHASE_STRIP = NO;
			};
			name = Debug;
		};
		9E0DB79BE15C4CD092895773 /* MinSizeRel */ = {
			isa = PBXBuildStyle;
			buildSettings = {
				COPY_PHASE_STRIP = NO;
			};
			name = MinSizeRel;
		};
		A4DC43C6BA9845788BFD6073 /* Release */ = {
			isa = PBXBuildStyle;
			buildSettings = {
				COPY_PHASE_STRIP = NO;
			};
			name = Release;
		};
/* End PBXBuildStyle section */

/* Begin PBXContainerItemProxy section */
		33685489B41847E980457C14 /* PBXContainerItemProxy */ = {
			isa = PBXContainerItemProxy;
			containerPortal = 23C9A937D3F448FE85068CC0 /* Project object */;
			proxyType = 1;
			remoteGlobalIDString = D7889636A12B4F8E9E3E8D00;
			remoteInfo = Panel;
		};
		42C64E04D13D48A6A35A53A8 /* PBXContainerItemProxy */ = {
			isa = PBXContainerItemProxy;
			containerPortal = 23C9A937D3F448FE85068CC0 /* Project object */;
			proxyType = 1;
			remoteGlobalIDString = D15875307E3C4B4BA39B3B62;
			remoteInfo = ZERO_CHECK;
		};
		A791C16AEA544B1FB99BC500 /* PBXContainerItemProxy */ = {
			isa = PBXContainerItemProxy;
			containerPortal = 23C9A937D3F448FE85068CC0 /* Project object */;
			proxyType = 1;
			remoteGlobalIDString = D15875307E3C4B4BA39B3B62;
			remoteInfo = ZERO_CHECK;
		};
/* End PBXContainerItemProxy section */

/* Begin PBXFileReference section */
		1A798F1E5FD044DFA5F7ADB0 /* /Users/shalomfriss/Downloads/Examples_Gtkmm-master/src/Panel/CMakeFiles/Panel.dir/Info.plist */ = {isa = PBXFileReference; explicitFileType = sourcecode.text.plist; fileEncoding = 4; name = Info.plist; path = CMakeFiles/Panel.dir/Info.plist; sourceTree = SOURCE_ROOT; };
		4BB4390492FC4D1E9970CF8A /* Panel */ = {isa = PBXFileReference; explicitFileType = "compiled.mach-o.executable"; path = Panel; sourceTree = BUILT_PRODUCTS_DIR; };
		C6A5056776194376BC6B653C /* /Users/shalomfriss/Downloads/Examples_Gtkmm-master/src/Panel/CMakeLists.txt */ = {isa = PBXFileReference; explicitFileType = sourcecode.text; fileEncoding = 4; name = CMakeLists.txt; path = CMakeLists.txt; sourceTree = SOURCE_ROOT; };
		D69E0348E3C0491193C08782 /* /Users/shalomfriss/Downloads/Examples_Gtkmm-master/src/Panel/Panel.cpp */ = {isa = PBXFileReference; explicitFileType = sourcecode.cpp.cpp; fileEncoding = 4; name = Panel.cpp; path = Panel.cpp; sourceTree = SOURCE_ROOT; };
		D8B82981C1AD4862B1CB4C09 /* /Users/shalomfriss/Downloads/Examples_Gtkmm-master/src/Panel/CMakeLists.txt */ = {isa = PBXFileReference; explicitFileType = sourcecode.text; fileEncoding = 4; name = CMakeLists.txt; path = CMakeLists.txt; sourceTree = SOURCE_ROOT; };
/* End PBXFileReference section */

/* Begin PBXGroup section */
		0CECA17B2E8E43F99CF9F238 /* Products */ = {
			isa = PBXGroup;
			children = (
				4BB4390492FC4D1E9970CF8A /* Panel */,
			);
			name = Products;
			sourceTree = "<group>";
		};
		3C748870F3D3486FB36631CA /* Panel */ = {
			isa = PBXGroup;
			children = (
				9B12440D1DA64812833B8BF7 /* Source Files */,
				90D8ED056D7642208598CBA9 /* Resources */,
				C6A5056776194376BC6B653C /* /Users/shalomfriss/Downloads/Examples_Gtkmm-master/src/Panel/CMakeLists.txt */,
			);
			name = Panel;
			sourceTree = "<group>";
		};
		756D63FAC85F4D4EBAB6AD69 = {
			isa = PBXGroup;
			children = (
				3C748870F3D3486FB36631CA /* Panel */,
				C797247C9CBD4E1BBEE4FD78 /* ALL_BUILD */,
				0CECA17B2E8E43F99CF9F238 /* Products */,
			);
			sourceTree = "<group>";
		};
		90D8ED056D7642208598CBA9 /* Resources */ = {
			isa = PBXGroup;
			children = (
				1A798F1E5FD044DFA5F7ADB0 /* /Users/shalomfriss/Downloads/Examples_Gtkmm-master/src/Panel/CMakeFiles/Panel.dir/Info.plist */,
			);
			name = Resources;
			sourceTree = "<group>";
		};
		939459FCD6FA4F29907A55F1 /* CMake Rules */ = {
			isa = PBXGroup;
			children = (
			);
			name = "CMake Rules";
			sourceTree = "<group>";
		};
		9B12440D1DA64812833B8BF7 /* Source Files */ = {
			isa = PBXGroup;
			children = (
				D69E0348E3C0491193C08782 /* /Users/shalomfriss/Downloads/Examples_Gtkmm-master/src/Panel/Panel.cpp */,
			);
			name = "Source Files";
			sourceTree = "<group>";
		};
		C797247C9CBD4E1BBEE4FD78 /* ALL_BUILD */ = {
			isa = PBXGroup;
			children = (
				939459FCD6FA4F29907A55F1 /* CMake Rules */,
				D8B82981C1AD4862B1CB4C09 /* /Users/shalomfriss/Downloads/Examples_Gtkmm-master/src/Panel/CMakeLists.txt */,
			);
			name = ALL_BUILD;
			sourceTree = "<group>";
		};
/* End PBXGroup section */

/* Begin PBXNativeTarget section */
		D7889636A12B4F8E9E3E8D00 /* Panel */ = {
			isa = PBXNativeTarget;
			buildConfigurationList = A387183D558E4C0B830C05FE /* Build configuration list for PBXNativeTarget "Panel" */;
			buildPhases = (
				293D5120A6114C1FB90210FF /* Sources */,
			);
			buildRules = (
			);
			dependencies = (
				67BA5201B5D6461AB1F09C43 /* PBXTargetDependency */,
			);
			name = Panel;
			productName = Panel;
			productReference = 4BB4390492FC4D1E9970CF8A /* Panel */;
			productType = "com.apple.product-type.application";
		};
/* End PBXNativeTarget section */

/* Begin PBXProject section */
		23C9A937D3F448FE85068CC0 /* Project object */ = {
			isa = PBXProject;
			attributes = {
				BuildIndependentTargetsInParallel = YES;
				LastUpgradeCheck = 1150;
			};
			buildConfigurationList = 40B7AF715B334E02AE6510F4 /* Build configuration list for PBXProject "Panel" */;
			buildSettings = {
			};
			buildStyles = (
				77E4828AC85748D0B0274BD0 /* Debug */,
				A4DC43C6BA9845788BFD6073 /* Release */,
				9E0DB79BE15C4CD092895773 /* MinSizeRel */,
				658EC3545E9E4C66A330404A /* RelWithDebInfo */,
			);
			compatibilityVersion = "Xcode 3.2";
			hasScannedForEncodings = 0;
			mainGroup = 756D63FAC85F4D4EBAB6AD69;
			projectDirPath = .;
			projectRoot = "";
			targets = (
				1B860205C35440CDABA050FF /* ALL_BUILD */,
				D7889636A12B4F8E9E3E8D00 /* Panel */,
				D15875307E3C4B4BA39B3B62 /* ZERO_CHECK */,
			);
		};
/* End PBXProject section */

/* Begin PBXShellScriptBuildPhase section */
		508EC3B95A44466E84178A63 = {
			isa = PBXShellScriptBuildPhase;
			buildActionMask = 2147483647;
			files = (
			);
			inputPaths = (
			);
			outputPaths = (
			);
			runOnlyForDeploymentPostprocessing = 0;
			shellPath = /bin/sh;
			shellScript = "# shell script goes here
exit 0";
			showEnvVarsInLog = 0;
		};
		5F09511AE4744B1FB09F6934 /* CMake Rules */ = {
			isa = PBXShellScriptBuildPhase;
			buildActionMask = 2147483647;
			files = (
			);
			name = "CMake Rules";
			runOnlyForDeploymentPostprocessing = 0;
			shellPath = /bin/sh;
			shellScript = "make -C /Users/shalomfriss/Downloads/Examples_Gtkmm-master/src/Panel -f /Users/shalomfriss/Downloads/Examples_Gtkmm-master/src/Panel/CMakeScripts/ZERO_CHECK_cmakeRulesBuildPhase.make$CONFIGURATION OBJDIR=$(basename \"$OBJECT_FILE_DIR_normal\") all";
			showEnvVarsInLog = 0;
		};
		68D9862E67ED4364839329EC = {
			isa = PBXShellScriptBuildPhase;
			buildActionMask = 2147483647;
			files = (
			);
			inputPaths = (
			);
			outputPaths = (
			);
			runOnlyForDeploymentPostprocessing = 0;
			shellPath = /bin/sh;
			shellScript = "# shell script goes here
exit 0";
			showEnvVarsInLog = 0;
		};
		9891BBCA69C243959E81663A /* CMake Rules */ = {
			isa = PBXShellScriptBuildPhase;
			buildActionMask = 2147483647;
			files = (
			);
			name = "CMake Rules";
			runOnlyForDeploymentPostprocessing = 0;
			shellPath = /bin/sh;
			shellScript = "make -C /Users/shalomfriss/Downloads/Examples_Gtkmm-master/src/Panel -f /Users/shalomfriss/Downloads/Examples_Gtkmm-master/src/Panel/CMakeScripts/ALL_BUILD_cmakeRulesBuildPhase.make$CONFIGURATION OBJDIR=$(basename \"$OBJECT_FILE_DIR_normal\") all";
			showEnvVarsInLog = 0;
		};
/* End PBXShellScriptBuildPhase section */

/* Begin PBXSourcesBuildPhase section */
		293D5120A6114C1FB90210FF /* Sources */ = {
			isa = PBXSourcesBuildPhase;
			buildActionMask = 2147483647;
			files = (
				05BD5222245940F289983640 /* /Users/shalomfriss/Downloads/Examples_Gtkmm-master/src/Panel/Panel.cpp */,
			);
			runOnlyForDeploymentPostprocessing = 0;
		};
/* End PBXSourcesBuildPhase section */

/* Begin PBXTargetDependency section */
		67BA5201B5D6461AB1F09C43 /* PBXTargetDependency */ = {
			isa = PBXTargetDependency;
			target = D15875307E3C4B4BA39B3B62 /* ZERO_CHECK */;
			targetProxy = A791C16AEA544B1FB99BC500 /* PBXContainerItemProxy */;
		};
		91E137476D404465B1A2A8AB /* PBXTargetDependency */ = {
			isa = PBXTargetDependency;
			target = D7889636A12B4F8E9E3E8D00 /* Panel */;
			targetProxy = 33685489B41847E980457C14 /* PBXContainerItemProxy */;
		};
		E594E64493ED4DBFA1EA0C9A /* PBXTargetDependency */ = {
			isa = PBXTargetDependency;
			target = D15875307E3C4B4BA39B3B62 /* ZERO_CHECK */;
			targetProxy = 42C64E04D13D48A6A35A53A8 /* PBXContainerItemProxy */;
		};
/* End PBXTargetDependency section */

/* Begin XCBuildConfiguration section */
		1A6BB5557F174583B1AEB567 /* Release */ = {
			isa = XCBuildConfiguration;
			buildSettings = {
				COMBINE_HIDPI_IMAGES = YES;
				GCC_GENERATE_DEBUGGING_SYMBOLS = YES;
				GCC_INLINES_ARE_PRIVATE_EXTERN = NO;
				GCC_OPTIMIZATION_LEVEL = 0;
				GCC_PREPROCESSOR_DEFINITIONS = ("'CMAKE_INTDIR=\"$(CONFIGURATION)$(EFFECTIVE_PLATFORM_NAME)\"'");
				GCC_SYMBOLS_PRIVATE_EXTERN = NO;
				INSTALL_PATH = "";
				OTHER_LDFLAGS = " ";
				OTHER_REZFLAGS = "";
				PRODUCT_NAME = ZERO_CHECK;
				SECTORDER_FLAGS = "";
				SYMROOT = "/Users/shalomfriss/Downloads/Examples_Gtkmm-master/src/Panel";
				USE_HEADERMAP = NO;
				WARNING_CFLAGS = ("$(inherited)");
			};
			name = Release;
		};
		299EBA5430EC44BE836E0BDB /* RelWithDebInfo */ = {
			isa = XCBuildConfiguration;
			buildSettings = {
				COMBINE_HIDPI_IMAGES = YES;
				GCC_GENERATE_DEBUGGING_SYMBOLS = YES;
				GCC_INLINES_ARE_PRIVATE_EXTERN = NO;
				GCC_OPTIMIZATION_LEVEL = 0;
				GCC_PREPROCESSOR_DEFINITIONS = ("'CMAKE_INTDIR=\"$(CONFIGURATION)$(EFFECTIVE_PLATFORM_NAME)\"'");
				GCC_SYMBOLS_PRIVATE_EXTERN = NO;
				INSTALL_PATH = "";
				OTHER_LDFLAGS = " ";
				OTHER_REZFLAGS = "";
				PRODUCT_NAME = ALL_BUILD;
				SECTORDER_FLAGS = "";
				SYMROOT = "/Users/shalomfriss/Downloads/Examples_Gtkmm-master/src/Panel";
				USE_HEADERMAP = NO;
				WARNING_CFLAGS = ("$(inherited)");
			};
			name = RelWithDebInfo;
		};
		4295344B8B984E6E8DE45EC6 /* Debug */ = {
			isa = XCBuildConfiguration;
			buildSettings = {
				ONLY_ACTIVE_ARCH = YES;
				SDKROOT = /Applications/Xcode.app/Contents/Developer/Platforms/MacOSX.platform/Developer/SDKs/MacOSX10.15.sdk;
				SYMROOT = "/Users/shalomfriss/Downloads/Examples_Gtkmm-master/src/Panel/build";
			};
			name = Debug;
		};
		560DDE24C04F4070B5BE0FF7 /* MinSizeRel */ = {
			isa = XCBuildConfiguration;
			buildSettings = {
				COMBINE_HIDPI_IMAGES = YES;
				GCC_GENERATE_DEBUGGING_SYMBOLS = YES;
				GCC_INLINES_ARE_PRIVATE_EXTERN = NO;
				GCC_OPTIMIZATION_LEVEL = 0;
				GCC_PREPROCESSOR_DEFINITIONS = ("'CMAKE_INTDIR=\"$(CONFIGURATION)$(EFFECTIVE_PLATFORM_NAME)\"'");
				GCC_SYMBOLS_PRIVATE_EXTERN = NO;
				INSTALL_PATH = "";
				OTHER_LDFLAGS = " ";
				OTHER_REZFLAGS = "";
				PRODUCT_NAME = ALL_BUILD;
				SECTORDER_FLAGS = "";
				SYMROOT = "/Users/shalomfriss/Downloads/Examples_Gtkmm-master/src/Panel";
				USE_HEADERMAP = NO;
				WARNING_CFLAGS = ("$(inherited)");
			};
			name = MinSizeRel;
		};
		5673FF2BA96240E592C17D5A /* Release */ = {
			isa = XCBuildConfiguration;
			buildSettings = {
				COMBINE_HIDPI_IMAGES = YES;
				GCC_GENERATE_DEBUGGING_SYMBOLS = YES;
				GCC_INLINES_ARE_PRIVATE_EXTERN = NO;
				GCC_OPTIMIZATION_LEVEL = 0;
				GCC_PREPROCESSOR_DEFINITIONS = ("'CMAKE_INTDIR=\"$(CONFIGURATION)$(EFFECTIVE_PLATFORM_NAME)\"'");
				GCC_SYMBOLS_PRIVATE_EXTERN = NO;
				INSTALL_PATH = "";
				OTHER_LDFLAGS = " ";
				OTHER_REZFLAGS = "";
				PRODUCT_NAME = ALL_BUILD;
				SECTORDER_FLAGS = "";
				SYMROOT = "/Users/shalomfriss/Downloads/Examples_Gtkmm-master/src/Panel";
				USE_HEADERMAP = NO;
				WARNING_CFLAGS = ("$(inherited)");
			};
			name = Release;
		};
		8A437CBE067849FB81168809 /* RelWithDebInfo */ = {
			isa = XCBuildConfiguration;
			buildSettings = {
				ONLY_ACTIVE_ARCH = YES;
				SDKROOT = /Applications/Xcode.app/Contents/Developer/Platforms/MacOSX.platform/Developer/SDKs/MacOSX10.15.sdk;
				SYMROOT = "/Users/shalomfriss/Downloads/Examples_Gtkmm-master/src/Panel/build";
			};
			name = RelWithDebInfo;
		};
		A6C75C4917C04DE6B8E46404 /* Debug */ = {
			isa = XCBuildConfiguration;
			buildSettings = {
				COMBINE_HIDPI_IMAGES = YES;
				EXECUTABLE_PREFIX = "";
				EXECUTABLE_SUFFIX = "";
				GCC_GENERATE_DEBUGGING_SYMBOLS = YES;
				GCC_INLINES_ARE_PRIVATE_EXTERN = NO;
				GCC_OPTIMIZATION_LEVEL = 0;
				GCC_PREPROCESSOR_DEFINITIONS = ("'CMAKE_INTDIR=\"$(CONFIGURATION)$(EFFECTIVE_PLATFORM_NAME)\"'");
				GCC_SYMBOLS_PRIVATE_EXTERN = NO;
				HEADER_SEARCH_PATHS = (/usr/local/Cellar/libffi/3.3/include,"/usr/local/Cellar/gtkmm3/3.24.2_1/include/gtkmm-3.0","/usr/local/Cellar/gtkmm3/3.24.2_1/lib/gtkmm-3.0/include","/usr/local/Cellar/atkmm/2.28.0_2/include/atkmm-1.6","/usr/local/Cellar/gtk+3/3.24.21/include/gtk-3.0/unix-print","/usr/local/Cellar/gtkmm3/3.24.2_1/include/gdkmm-3.0","/usr/local/Cellar/gtkmm3/3.24.2_1/lib/gdkmm-3.0/include","/usr/local/Cellar/glibmm/2.64.2/include/giomm-2.4","/usr/local/Cellar/glibmm/2.64.2/lib/giomm-2.4/include","/usr/local/Cellar/pangomm/2.42.1/include/pangomm-1.4","/usr/local/Cellar/pangomm/2.42.1/lib/pangomm-1.4/include","/usr/local/Cellar/glibmm/2.64.2/include/glibmm-2.4","/usr/local/Cellar/glibmm/2.64.2/lib/glibmm-2.4/include","/usr/local/Cellar/gtk+3/3.24.21/include/gtk-3.0","/usr/local/Cellar/glib/2.64.3/include/gio-unix-2.0",/usr/local/Cellar/cairo/1.16.0_3/include/cairo,/usr/local/Cellar/libepoxy/1.5.4_1/include,"/usr/local/Cellar/pango/1.44.7/include/pango-1.0",/usr/local/Cellar/fribidi/1.0.9/include/fribidi,/usr/local/Cellar/harfbuzz/2.6.8/include/harfbuzz,/usr/local/Cellar/graphite2/1.3.14/include,"/usr/local/Cellar/atk/2.36.0/include/atk-1.0","/usr/local/Cellar/cairomm/1.12.2_1/include/cairomm-1.0","/usr/local/Cellar/cairomm/1.12.2_1/lib/cairomm-1.0/include","/usr/local/Cellar/pixman/0.40.0/include/pixman-1",/usr/local/Cellar/fontconfig/2.13.1/include,/usr/local/opt/freetype/include/freetype2,/usr/local/Cellar/libpng/1.6.37/include/libpng16,"/usr/local/Cellar/libsigc++@2/2.10.3/include/sigc++-2.0","/usr/local/Cellar/libsigc++@2/2.10.3/lib/sigc++-2.0/include","/usr/local/Cellar/gdk-pixbuf/2.40.0_1/include/gdk-pixbuf-2.0",/usr/local/Cellar/glib/2.64.3/include,"/usr/local/Cellar/glib/2.64.3/include/glib-2.0","/usr/local/Cellar/glib/2.64.3/lib/glib-2.0/include",/usr/local/opt/gettext/include,/usr/local/Cellar/pcre/8.44/include);
				INFOPLIST_FILE = "/Users/shalomfriss/Downloads/Examples_Gtkmm-master/src/Panel/CMakeFiles/Panel.dir/Info.plist";
				INSTALL_PATH = "";
				LD_RUNPATH_SEARCH_PATHS = "/usr/local/Cellar/gtkmm3/3.24.2_1/lib /usr/local/Cellar/atkmm/2.28.0_2/lib /usr/local/Cellar/glibmm/2.64.2/lib /usr/local/Cellar/pangomm/2.42.1/lib /usr/local/Cellar/gtk+3/3.24.21/lib /usr/local/Cellar/pango/1.44.7/lib /usr/local/Cellar/harfbuzz/2.6.8/lib /usr/local/Cellar/atk/2.36.0/lib /usr/local/Cellar/cairo/1.16.0_3/lib /usr/local/Cellar/glib/2.64.3/lib /usr/local/Cellar/cairomm/1.12.2_1/lib /usr/local/Cellar/libsigc++@2/2.10.3/lib /usr/local/Cellar/gdk-pixbuf/2.40.0_1/lib /usr/local/opt/gettext/lib";
				LIBRARY_SEARCH_PATHS = " /usr/local/Cellar/gtkmm3/3.24.2_1/lib/$(CONFIGURATION)$(EFFECTIVE_PLATFORM_NAME) /usr/local/Cellar/gtkmm3/3.24.2_1/lib /usr/local/Cellar/atkmm/2.28.0_2/lib/$(CONFIGURATION)$(EFFECTIVE_PLATFORM_NAME) /usr/local/Cellar/atkmm/2.28.0_2/lib /usr/local/Cellar/glibmm/2.64.2/lib/$(CONFIGURATION)$(EFFECTIVE_PLATFORM_NAME) /usr/local/Cellar/glibmm/2.64.2/lib /usr/local/Cellar/pangomm/2.42.1/lib/$(CONFIGURATION)$(EFFECTIVE_PLATFORM_NAME) /usr/local/Cellar/pangomm/2.42.1/lib /usr/local/Cellar/gtk+3/3.24.21/lib/$(CONFIGURATION)$(EFFECTIVE_PLATFORM_NAME) /usr/local/Cellar/gtk+3/3.24.21/lib /usr/local/Cellar/pango/1.44.7/lib/$(CONFIGURATION)$(EFFECTIVE_PLATFORM_NAME) /usr/local/Cellar/pango/1.44.7/lib /usr/local/Cellar/harfbuzz/2.6.8/lib/$(CONFIGURATION)$(EFFECTIVE_PLATFORM_NAME) /usr/local/Cellar/harfbuzz/2.6.8/lib /usr/local/Cellar/atk/2.36.0/lib/$(CONFIGURATION)$(EFFECTIVE_PLATFORM_NAME) /usr/local/Cellar/atk/2.36.0/lib /usr/local/Cellar/cairo/1.16.0_3/lib/$(CONFIGURATION)$(EFFECTIVE_PLATFORM_NAME) /usr/local/Cellar/cairo/1.16.0_3/lib /usr/local/Cellar/glib/2.64.3/lib/$(CONFIGURATION)$(EFFECTIVE_PLATFORM_NAME) /usr/local/Cellar/glib/2.64.3/lib /usr/local/Cellar/cairomm/1.12.2_1/lib/$(CONFIGURATION)$(EFFECTIVE_PLATFORM_NAME) /usr/local/Cellar/cairomm/1.12.2_1/lib /usr/local/Cellar/libsigc++@2/2.10.3/lib/$(CONFIGURATION)$(EFFECTIVE_PLATFORM_NAME) /usr/local/Cellar/libsigc++@2/2.10.3/lib /usr/local/Cellar/gdk-pixbuf/2.40.0_1/lib/$(CONFIGURATION)$(EFFECTIVE_PLATFORM_NAME) /usr/local/Cellar/gdk-pixbuf/2.40.0_1/lib /usr/local/opt/gettext/lib/$(CONFIGURATION)$(EFFECTIVE_PLATFORM_NAME) /usr/local/opt/gettext/lib";
				OTHER_CPLUSPLUSFLAGS = "   '-std=gnu++17' ";
				OTHER_LDFLAGS = " -Wl,-search_paths_first -Wl,-headerpad_max_install_names  -lgtkmm-3.0 -latkmm-1.6 -lgdkmm-3.0 -lgiomm-2.4 -lpangomm-1.4 -lglibmm-2.4 -lgtk-3 -lgdk-3 -lpangocairo-1.0 -lpango-1.0 -lharfbuzz -latk-1.0 -lcairo-gobject -lgio-2.0 -lcairomm-1.0 -lcairo -lsigc-2.0 -lgdk_pixbuf-2.0 -lgobject-2.0 -lglib-2.0 -lintl";
				OTHER_REZFLAGS = "";
				PRODUCT_NAME = Panel;
				SECTORDER_FLAGS = "";
				SYMROOT = "/Users/shalomfriss/Downloads/Examples_Gtkmm-master/src/Panel";
				USE_HEADERMAP = NO;
				WARNING_CFLAGS = ("$(inherited)");
			};
			name = Debug;
		};
		BB58BC6AE25E4DBBBE9AD310 /* RelWithDebInfo */ = {
			isa = XCBuildConfiguration;
			buildSettings = {
				COMBINE_HIDPI_IMAGES = YES;
				EXECUTABLE_PREFIX = "";
				EXECUTABLE_SUFFIX = "";
				GCC_GENERATE_DEBUGGING_SYMBOLS = YES;
				GCC_INLINES_ARE_PRIVATE_EXTERN = NO;
				GCC_OPTIMIZATION_LEVEL = 2;
				GCC_PREPROCESSOR_DEFINITIONS = ("'CMAKE_INTDIR=\"$(CONFIGURATION)$(EFFECTIVE_PLATFORM_NAME)\"'");
				GCC_SYMBOLS_PRIVATE_EXTERN = NO;
				HEADER_SEARCH_PATHS = (/usr/local/Cellar/libffi/3.3/include,"/usr/local/Cellar/gtkmm3/3.24.2_1/include/gtkmm-3.0","/usr/local/Cellar/gtkmm3/3.24.2_1/lib/gtkmm-3.0/include","/usr/local/Cellar/atkmm/2.28.0_2/include/atkmm-1.6","/usr/local/Cellar/gtk+3/3.24.21/include/gtk-3.0/unix-print","/usr/local/Cellar/gtkmm3/3.24.2_1/include/gdkmm-3.0","/usr/local/Cellar/gtkmm3/3.24.2_1/lib/gdkmm-3.0/include","/usr/local/Cellar/glibmm/2.64.2/include/giomm-2.4","/usr/local/Cellar/glibmm/2.64.2/lib/giomm-2.4/include","/usr/local/Cellar/pangomm/2.42.1/include/pangomm-1.4","/usr/local/Cellar/pangomm/2.42.1/lib/pangomm-1.4/include","/usr/local/Cellar/glibmm/2.64.2/include/glibmm-2.4","/usr/local/Cellar/glibmm/2.64.2/lib/glibmm-2.4/include","/usr/local/Cellar/gtk+3/3.24.21/include/gtk-3.0","/usr/local/Cellar/glib/2.64.3/include/gio-unix-2.0",/usr/local/Cellar/cairo/1.16.0_3/include/cairo,/usr/local/Cellar/libepoxy/1.5.4_1/include,"/usr/local/Cellar/pango/1.44.7/include/pango-1.0",/usr/local/Cellar/fribidi/1.0.9/include/fribidi,/usr/local/Cellar/harfbuzz/2.6.8/include/harfbuzz,/usr/local/Cellar/graphite2/1.3.14/include,"/usr/local/Cellar/atk/2.36.0/include/atk-1.0","/usr/local/Cellar/cairomm/1.12.2_1/include/cairomm-1.0","/usr/local/Cellar/cairomm/1.12.2_1/lib/cairomm-1.0/include","/usr/local/Cellar/pixman/0.40.0/include/pixman-1",/usr/local/Cellar/fontconfig/2.13.1/include,/usr/local/opt/freetype/include/freetype2,/usr/local/Cellar/libpng/1.6.37/include/libpng16,"/usr/local/Cellar/libsigc++@2/2.10.3/include/sigc++-2.0","/usr/local/Cellar/libsigc++@2/2.10.3/lib/sigc++-2.0/include","/usr/local/Cellar/gdk-pixbuf/2.40.0_1/include/gdk-pixbuf-2.0",/usr/local/Cellar/glib/2.64.3/include,"/usr/local/Cellar/glib/2.64.3/include/glib-2.0","/usr/local/Cellar/glib/2.64.3/lib/glib-2.0/include",/usr/local/opt/gettext/include,/usr/local/Cellar/pcre/8.44/include);
				INFOPLIST_FILE = "/Users/shalomfriss/Downloads/Examples_Gtkmm-master/src/Panel/CMakeFiles/Panel.dir/Info.plist";
				INSTALL_PATH = "";
				LD_RUNPATH_SEARCH_PATHS = "/usr/local/Cellar/gtkmm3/3.24.2_1/lib /usr/local/Cellar/atkmm/2.28.0_2/lib /usr/local/Cellar/glibmm/2.64.2/lib /usr/local/Cellar/pangomm/2.42.1/lib /usr/local/Cellar/gtk+3/3.24.21/lib /usr/local/Cellar/pango/1.44.7/lib /usr/local/Cellar/harfbuzz/2.6.8/lib /usr/local/Cellar/atk/2.36.0/lib /usr/local/Cellar/cairo/1.16.0_3/lib /usr/local/Cellar/glib/2.64.3/lib /usr/local/Cellar/cairomm/1.12.2_1/lib /usr/local/Cellar/libsigc++@2/2.10.3/lib /usr/local/Cellar/gdk-pixbuf/2.40.0_1/lib /usr/local/opt/gettext/lib";
				LIBRARY_SEARCH_PATHS = " /usr/local/Cellar/gtkmm3/3.24.2_1/lib/$(CONFIGURATION)$(EFFECTIVE_PLATFORM_NAME) /usr/local/Cellar/gtkmm3/3.24.2_1/lib /usr/local/Cellar/atkmm/2.28.0_2/lib/$(CONFIGURATION)$(EFFECTIVE_PLATFORM_NAME) /usr/local/Cellar/atkmm/2.28.0_2/lib /usr/local/Cellar/glibmm/2.64.2/lib/$(CONFIGURATION)$(EFFECTIVE_PLATFORM_NAME) /usr/local/Cellar/glibmm/2.64.2/lib /usr/local/Cellar/pangomm/2.42.1/lib/$(CONFIGURATION)$(EFFECTIVE_PLATFORM_NAME) /usr/local/Cellar/pangomm/2.42.1/lib /usr/local/Cellar/gtk+3/3.24.21/lib/$(CONFIGURATION)$(EFFECTIVE_PLATFORM_NAME) /usr/local/Cellar/gtk+3/3.24.21/lib /usr/local/Cellar/pango/1.44.7/lib/$(CONFIGURATION)$(EFFECTIVE_PLATFORM_NAME) /usr/local/Cellar/pango/1.44.7/lib /usr/local/Cellar/harfbuzz/2.6.8/lib/$(CONFIGURATION)$(EFFECTIVE_PLATFORM_NAME) /usr/local/Cellar/harfbuzz/2.6.8/lib /usr/local/Cellar/atk/2.36.0/lib/$(CONFIGURATION)$(EFFECTIVE_PLATFORM_NAME) /usr/local/Cellar/atk/2.36.0/lib /usr/local/Cellar/cairo/1.16.0_3/lib/$(CONFIGURATION)$(EFFECTIVE_PLATFORM_NAME) /usr/local/Cellar/cairo/1.16.0_3/lib /usr/local/Cellar/glib/2.64.3/lib/$(CONFIGURATION)$(EFFECTIVE_PLATFORM_NAME) /usr/local/Cellar/glib/2.64.3/lib /usr/local/Cellar/cairomm/1.12.2_1/lib/$(CONFIGURATION)$(EFFECTIVE_PLATFORM_NAME) /usr/local/Cellar/cairomm/1.12.2_1/lib /usr/local/Cellar/libsigc++@2/2.10.3/lib/$(CONFIGURATION)$(EFFECTIVE_PLATFORM_NAME) /usr/local/Cellar/libsigc++@2/2.10.3/lib /usr/local/Cellar/gdk-pixbuf/2.40.0_1/lib/$(CONFIGURATION)$(EFFECTIVE_PLATFORM_NAME) /usr/local/Cellar/gdk-pixbuf/2.40.0_1/lib /usr/local/opt/gettext/lib/$(CONFIGURATION)$(EFFECTIVE_PLATFORM_NAME) /usr/local/opt/gettext/lib";
				OTHER_CPLUSPLUSFLAGS = "       -DNDEBUG '-std=gnu++17' ";
				OTHER_LDFLAGS = " -Wl,-search_paths_first -Wl,-headerpad_max_install_names  -lgtkmm-3.0 -latkmm-1.6 -lgdkmm-3.0 -lgiomm-2.4 -lpangomm-1.4 -lglibmm-2.4 -lgtk-3 -lgdk-3 -lpangocairo-1.0 -lpango-1.0 -lharfbuzz -latk-1.0 -lcairo-gobject -lgio-2.0 -lcairomm-1.0 -lcairo -lsigc-2.0 -lgdk_pixbuf-2.0 -lgobject-2.0 -lglib-2.0 -lintl";
				OTHER_REZFLAGS = "";
				PRODUCT_NAME = Panel;
				SECTORDER_FLAGS = "";
				SYMROOT = "/Users/shalomfriss/Downloads/Examples_Gtkmm-master/src/Panel";
				USE_HEADERMAP = NO;
				WARNING_CFLAGS = ("$(inherited)");
			};
			name = RelWithDebInfo;
		};
		C067B6B4513F44888ACB713D /* Debug */ = {
			isa = XCBuildConfiguration;
			buildSettings = {
				COMBINE_HIDPI_IMAGES = YES;
				GCC_GENERATE_DEBUGGING_SYMBOLS = YES;
				GCC_INLINES_ARE_PRIVATE_EXTERN = NO;
				GCC_OPTIMIZATION_LEVEL = 0;
				GCC_PREPROCESSOR_DEFINITIONS = ("'CMAKE_INTDIR=\"$(CONFIGURATION)$(EFFECTIVE_PLATFORM_NAME)\"'");
				GCC_SYMBOLS_PRIVATE_EXTERN = NO;
				INSTALL_PATH = "";
				OTHER_LDFLAGS = " ";
				OTHER_REZFLAGS = "";
				PRODUCT_NAME = ZERO_CHECK;
				SECTORDER_FLAGS = "";
				SYMROOT = "/Users/shalomfriss/Downloads/Examples_Gtkmm-master/src/Panel";
				USE_HEADERMAP = NO;
				WARNING_CFLAGS = ("$(inherited)");
			};
			name = Debug;
		};
		CAB048E824FE4F39A6436AC4 /* MinSizeRel */ = {
			isa = XCBuildConfiguration;
			buildSettings = {
				COMBINE_HIDPI_IMAGES = YES;
				GCC_GENERATE_DEBUGGING_SYMBOLS = YES;
				GCC_INLINES_ARE_PRIVATE_EXTERN = NO;
				GCC_OPTIMIZATION_LEVEL = 0;
				GCC_PREPROCESSOR_DEFINITIONS = ("'CMAKE_INTDIR=\"$(CONFIGURATION)$(EFFECTIVE_PLATFORM_NAME)\"'");
				GCC_SYMBOLS_PRIVATE_EXTERN = NO;
				INSTALL_PATH = "";
				OTHER_LDFLAGS = " ";
				OTHER_REZFLAGS = "";
				PRODUCT_NAME = ZERO_CHECK;
				SECTORDER_FLAGS = "";
				SYMROOT = "/Users/shalomfriss/Downloads/Examples_Gtkmm-master/src/Panel";
				USE_HEADERMAP = NO;
				WARNING_CFLAGS = ("$(inherited)");
			};
			name = MinSizeRel;
		};
		D3D0CEAA84FB460F8C4F0BD6 /* RelWithDebInfo */ = {
			isa = XCBuildConfiguration;
			buildSettings = {
				COMBINE_HIDPI_IMAGES = YES;
				GCC_GENERATE_DEBUGGING_SYMBOLS = YES;
				GCC_INLINES_ARE_PRIVATE_EXTERN = NO;
				GCC_OPTIMIZATION_LEVEL = 0;
				GCC_PREPROCESSOR_DEFINITIONS = ("'CMAKE_INTDIR=\"$(CONFIGURATION)$(EFFECTIVE_PLATFORM_NAME)\"'");
				GCC_SYMBOLS_PRIVATE_EXTERN = NO;
				INSTALL_PATH = "";
				OTHER_LDFLAGS = " ";
				OTHER_REZFLAGS = "";
				PRODUCT_NAME = ZERO_CHECK;
				SECTORDER_FLAGS = "";
				SYMROOT = "/Users/shalomfriss/Downloads/Examples_Gtkmm-master/src/Panel";
				USE_HEADERMAP = NO;
				WARNING_CFLAGS = ("$(inherited)");
			};
			name = RelWithDebInfo;
		};
		DB499091F3C44469BBF35AAD /* Release */ = {
			isa = XCBuildConfiguration;
			buildSettings = {
				COMBINE_HIDPI_IMAGES = YES;
				EXECUTABLE_PREFIX = "";
				EXECUTABLE_SUFFIX = "";
				GCC_GENERATE_DEBUGGING_SYMBOLS = NO;
				GCC_INLINES_ARE_PRIVATE_EXTERN = NO;
				GCC_OPTIMIZATION_LEVEL = 3;
				GCC_PREPROCESSOR_DEFINITIONS = ("'CMAKE_INTDIR=\"$(CONFIGURATION)$(EFFECTIVE_PLATFORM_NAME)\"'");
				GCC_SYMBOLS_PRIVATE_EXTERN = NO;
				HEADER_SEARCH_PATHS = (/usr/local/Cellar/libffi/3.3/include,"/usr/local/Cellar/gtkmm3/3.24.2_1/include/gtkmm-3.0","/usr/local/Cellar/gtkmm3/3.24.2_1/lib/gtkmm-3.0/include","/usr/local/Cellar/atkmm/2.28.0_2/include/atkmm-1.6","/usr/local/Cellar/gtk+3/3.24.21/include/gtk-3.0/unix-print","/usr/local/Cellar/gtkmm3/3.24.2_1/include/gdkmm-3.0","/usr/local/Cellar/gtkmm3/3.24.2_1/lib/gdkmm-3.0/include","/usr/local/Cellar/glibmm/2.64.2/include/giomm-2.4","/usr/local/Cellar/glibmm/2.64.2/lib/giomm-2.4/include","/usr/local/Cellar/pangomm/2.42.1/include/pangomm-1.4","/usr/local/Cellar/pangomm/2.42.1/lib/pangomm-1.4/include","/usr/local/Cellar/glibmm/2.64.2/include/glibmm-2.4","/usr/local/Cellar/glibmm/2.64.2/lib/glibmm-2.4/include","/usr/local/Cellar/gtk+3/3.24.21/include/gtk-3.0","/usr/local/Cellar/glib/2.64.3/include/gio-unix-2.0",/usr/local/Cellar/cairo/1.16.0_3/include/cairo,/usr/local/Cellar/libepoxy/1.5.4_1/include,"/usr/local/Cellar/pango/1.44.7/include/pango-1.0",/usr/local/Cellar/fribidi/1.0.9/include/fribidi,/usr/local/Cellar/harfbuzz/2.6.8/include/harfbuzz,/usr/local/Cellar/graphite2/1.3.14/include,"/usr/local/Cellar/atk/2.36.0/include/atk-1.0","/usr/local/Cellar/cairomm/1.12.2_1/include/cairomm-1.0","/usr/local/Cellar/cairomm/1.12.2_1/lib/cairomm-1.0/include","/usr/local/Cellar/pixman/0.40.0/include/pixman-1",/usr/local/Cellar/fontconfig/2.13.1/include,/usr/local/opt/freetype/include/freetype2,/usr/local/Cellar/libpng/1.6.37/include/libpng16,"/usr/local/Cellar/libsigc++@2/2.10.3/include/sigc++-2.0","/usr/local/Cellar/libsigc++@2/2.10.3/lib/sigc++-2.0/include","/usr/local/Cellar/gdk-pixbuf/2.40.0_1/include/gdk-pixbuf-2.0",/usr/local/Cellar/glib/2.64.3/include,"/usr/local/Cellar/glib/2.64.3/include/glib-2.0","/usr/local/Cellar/glib/2.64.3/lib/glib-2.0/include",/usr/local/opt/gettext/include,/usr/local/Cellar/pcre/8.44/include);
				INFOPLIST_FILE = "/Users/shalomfriss/Downloads/Examples_Gtkmm-master/src/Panel/CMakeFiles/Panel.dir/Info.plist";
				INSTALL_PATH = "";
				LD_RUNPATH_SEARCH_PATHS = "/usr/local/Cellar/gtkmm3/3.24.2_1/lib /usr/local/Cellar/atkmm/2.28.0_2/lib /usr/local/Cellar/glibmm/2.64.2/lib /usr/local/Cellar/pangomm/2.42.1/lib /usr/local/Cellar/gtk+3/3.24.21/lib /usr/local/Cellar/pango/1.44.7/lib /usr/local/Cellar/harfbuzz/2.6.8/lib /usr/local/Cellar/atk/2.36.0/lib /usr/local/Cellar/cairo/1.16.0_3/lib /usr/local/Cellar/glib/2.64.3/lib /usr/local/Cellar/cairomm/1.12.2_1/lib /usr/local/Cellar/libsigc++@2/2.10.3/lib /usr/local/Cellar/gdk-pixbuf/2.40.0_1/lib /usr/local/opt/gettext/lib";
				LIBRARY_SEARCH_PATHS = " /usr/local/Cellar/gtkmm3/3.24.2_1/lib/$(CONFIGURATION)$(EFFECTIVE_PLATFORM_NAME) /usr/local/Cellar/gtkmm3/3.24.2_1/lib /usr/local/Cellar/atkmm/2.28.0_2/lib/$(CONFIGURATION)$(EFFECTIVE_PLATFORM_NAME) /usr/local/Cellar/atkmm/2.28.0_2/lib /usr/local/Cellar/glibmm/2.64.2/lib/$(CONFIGURATION)$(EFFECTIVE_PLATFORM_NAME) /usr/local/Cellar/glibmm/2.64.2/lib /usr/local/Cellar/pangomm/2.42.1/lib/$(CONFIGURATION)$(EFFECTIVE_PLATFORM_NAME) /usr/local/Cellar/pangomm/2.42.1/lib /usr/local/Cellar/gtk+3/3.24.21/lib/$(CONFIGURATION)$(EFFECTIVE_PLATFORM_NAME) /usr/local/Cellar/gtk+3/3.24.21/lib /usr/local/Cellar/pango/1.44.7/lib/$(CONFIGURATION)$(EFFECTIVE_PLATFORM_NAME) /usr/local/Cellar/pango/1.44.7/lib /usr/local/Cellar/harfbuzz/2.6.8/lib/$(CONFIGURATION)$(EFFECTIVE_PLATFORM_NAME) /usr/local/Cellar/harfbuzz/2.6.8/lib /usr/local/Cellar/atk/2.36.0/lib/$(CONFIGURATION)$(EFFECTIVE_PLATFORM_NAME) /usr/local/Cellar/atk/2.36.0/lib /usr/local/Cellar/cairo/1.16.0_3/lib/$(CONFIGURATION)$(EFFECTIVE_PLATFORM_NAME) /usr/local/Cellar/cairo/1.16.0_3/lib /usr/local/Cellar/glib/2.64.3/lib/$(CONFIGURATION)$(EFFECTIVE_PLATFORM_NAME) /usr/local/Cellar/glib/2.64.3/lib /usr/local/Cellar/cairomm/1.12.2_1/lib/$(CONFIGURATION)$(EFFECTIVE_PLATFORM_NAME) /usr/local/Cellar/cairomm/1.12.2_1/lib /usr/local/Cellar/libsigc++@2/2.10.3/lib/$(CONFIGURATION)$(EFFECTIVE_PLATFORM_NAME) /usr/local/Cellar/libsigc++@2/2.10.3/lib /usr/local/Cellar/gdk-pixbuf/2.40.0_1/lib/$(CONFIGURATION)$(EFFECTIVE_PLATFORM_NAME) /usr/local/Cellar/gdk-pixbuf/2.40.0_1/lib /usr/local/opt/gettext/lib/$(CONFIGURATION)$(EFFECTIVE_PLATFORM_NAME) /usr/local/opt/gettext/lib";
				OTHER_CPLUSPLUSFLAGS = "    -DNDEBUG '-std=gnu++17' ";
				OTHER_LDFLAGS = " -Wl,-search_paths_first -Wl,-headerpad_max_install_names  -lgtkmm-3.0 -latkmm-1.6 -lgdkmm-3.0 -lgiomm-2.4 -lpangomm-1.4 -lglibmm-2.4 -lgtk-3 -lgdk-3 -lpangocairo-1.0 -lpango-1.0 -lharfbuzz -latk-1.0 -lcairo-gobject -lgio-2.0 -lcairomm-1.0 -lcairo -lsigc-2.0 -lgdk_pixbuf-2.0 -lgobject-2.0 -lglib-2.0 -lintl";
				OTHER_REZFLAGS = "";
				PRODUCT_NAME = Panel;
				SECTORDER_FLAGS = "";
				SYMROOT = "/Users/shalomfriss/Downloads/Examples_Gtkmm-master/src/Panel";
				USE_HEADERMAP = NO;
				WARNING_CFLAGS = ("$(inherited)");
			};
			name = Release;
		};
		DCB3E501A7004CB0A0A3C56D /* MinSizeRel */ = {
			isa = XCBuildConfiguration;
			buildSettings = {
				ONLY_ACTIVE_ARCH = YES;
				SDKROOT = /Applications/Xcode.app/Contents/Developer/Platforms/MacOSX.platform/Developer/SDKs/MacOSX10.15.sdk;
				SYMROOT = "/Users/shalomfriss/Downloads/Examples_Gtkmm-master/src/Panel/build";
			};
			name = MinSizeRel;
		};
		E268B7F485E240ED82EB803A /* MinSizeRel */ = {
			isa = XCBuildConfiguration;
			buildSettings = {
				COMBINE_HIDPI_IMAGES = YES;
				EXECUTABLE_PREFIX = "";
				EXECUTABLE_SUFFIX = "";
				GCC_GENERATE_DEBUGGING_SYMBOLS = NO;
				GCC_INLINES_ARE_PRIVATE_EXTERN = NO;
				GCC_OPTIMIZATION_LEVEL = s;
				GCC_PREPROCESSOR_DEFINITIONS = ("'CMAKE_INTDIR=\"$(CONFIGURATION)$(EFFECTIVE_PLATFORM_NAME)\"'");
				GCC_SYMBOLS_PRIVATE_EXTERN = NO;
				HEADER_SEARCH_PATHS = (/usr/local/Cellar/libffi/3.3/include,"/usr/local/Cellar/gtkmm3/3.24.2_1/include/gtkmm-3.0","/usr/local/Cellar/gtkmm3/3.24.2_1/lib/gtkmm-3.0/include","/usr/local/Cellar/atkmm/2.28.0_2/include/atkmm-1.6","/usr/local/Cellar/gtk+3/3.24.21/include/gtk-3.0/unix-print","/usr/local/Cellar/gtkmm3/3.24.2_1/include/gdkmm-3.0","/usr/local/Cellar/gtkmm3/3.24.2_1/lib/gdkmm-3.0/include","/usr/local/Cellar/glibmm/2.64.2/include/giomm-2.4","/usr/local/Cellar/glibmm/2.64.2/lib/giomm-2.4/include","/usr/local/Cellar/pangomm/2.42.1/include/pangomm-1.4","/usr/local/Cellar/pangomm/2.42.1/lib/pangomm-1.4/include","/usr/local/Cellar/glibmm/2.64.2/include/glibmm-2.4","/usr/local/Cellar/glibmm/2.64.2/lib/glibmm-2.4/include","/usr/local/Cellar/gtk+3/3.24.21/include/gtk-3.0","/usr/local/Cellar/glib/2.64.3/include/gio-unix-2.0",/usr/local/Cellar/cairo/1.16.0_3/include/cairo,/usr/local/Cellar/libepoxy/1.5.4_1/include,"/usr/local/Cellar/pango/1.44.7/include/pango-1.0",/usr/local/Cellar/fribidi/1.0.9/include/fribidi,/usr/local/Cellar/harfbuzz/2.6.8/include/harfbuzz,/usr/local/Cellar/graphite2/1.3.14/include,"/usr/local/Cellar/atk/2.36.0/include/atk-1.0","/usr/local/Cellar/cairomm/1.12.2_1/include/cairomm-1.0","/usr/local/Cellar/cairomm/1.12.2_1/lib/cairomm-1.0/include","/usr/local/Cellar/pixman/0.40.0/include/pixman-1",/usr/local/Cellar/fontconfig/2.13.1/include,/usr/local/opt/freetype/include/freetype2,/usr/local/Cellar/libpng/1.6.37/include/libpng16,"/usr/local/Cellar/libsigc++@2/2.10.3/include/sigc++-2.0","/usr/local/Cellar/libsigc++@2/2.10.3/lib/sigc++-2.0/include","/usr/local/Cellar/gdk-pixbuf/2.40.0_1/include/gdk-pixbuf-2.0",/usr/local/Cellar/glib/2.64.3/include,"/usr/local/Cellar/glib/2.64.3/include/glib-2.0","/usr/local/Cellar/glib/2.64.3/lib/glib-2.0/include",/usr/local/opt/gettext/include,/usr/local/Cellar/pcre/8.44/include);
				INFOPLIST_FILE = "/Users/shalomfriss/Downloads/Examples_Gtkmm-master/src/Panel/CMakeFiles/Panel.dir/Info.plist";
				INSTALL_PATH = "";
				LD_RUNPATH_SEARCH_PATHS = "/usr/local/Cellar/gtkmm3/3.24.2_1/lib /usr/local/Cellar/atkmm/2.28.0_2/lib /usr/local/Cellar/glibmm/2.64.2/lib /usr/local/Cellar/pangomm/2.42.1/lib /usr/local/Cellar/gtk+3/3.24.21/lib /usr/local/Cellar/pango/1.44.7/lib /usr/local/Cellar/harfbuzz/2.6.8/lib /usr/local/Cellar/atk/2.36.0/lib /usr/local/Cellar/cairo/1.16.0_3/lib /usr/local/Cellar/glib/2.64.3/lib /usr/local/Cellar/cairomm/1.12.2_1/lib /usr/local/Cellar/libsigc++@2/2.10.3/lib /usr/local/Cellar/gdk-pixbuf/2.40.0_1/lib /usr/local/opt/gettext/lib";
				LIBRARY_SEARCH_PATHS = " /usr/local/Cellar/gtkmm3/3.24.2_1/lib/$(CONFIGURATION)$(EFFECTIVE_PLATFORM_NAME) /usr/local/Cellar/gtkmm3/3.24.2_1/lib /usr/local/Cellar/atkmm/2.28.0_2/lib/$(CONFIGURATION)$(EFFECTIVE_PLATFORM_NAME) /usr/local/Cellar/atkmm/2.28.0_2/lib /usr/local/Cellar/glibmm/2.64.2/lib/$(CONFIGURATION)$(EFFECTIVE_PLATFORM_NAME) /usr/local/Cellar/glibmm/2.64.2/lib /usr/local/Cellar/pangomm/2.42.1/lib/$(CONFIGURATION)$(EFFECTIVE_PLATFORM_NAME) /usr/local/Cellar/pangomm/2.42.1/lib /usr/local/Cellar/gtk+3/3.24.21/lib/$(CONFIGURATION)$(EFFECTIVE_PLATFORM_NAME) /usr/local/Cellar/gtk+3/3.24.21/lib /usr/local/Cellar/pango/1.44.7/lib/$(CONFIGURATION)$(EFFECTIVE_PLATFORM_NAME) /usr/local/Cellar/pango/1.44.7/lib /usr/local/Cellar/harfbuzz/2.6.8/lib/$(CONFIGURATION)$(EFFECTIVE_PLATFORM_NAME) /usr/local/Cellar/harfbuzz/2.6.8/lib /usr/local/Cellar/atk/2.36.0/lib/$(CONFIGURATION)$(EFFECTIVE_PLATFORM_NAME) /usr/local/Cellar/atk/2.36.0/lib /usr/local/Cellar/cairo/1.16.0_3/lib/$(CONFIGURATION)$(EFFECTIVE_PLATFORM_NAME) /usr/local/Cellar/cairo/1.16.0_3/lib /usr/local/Cellar/glib/2.64.3/lib/$(CONFIGURATION)$(EFFECTIVE_PLATFORM_NAME) /usr/local/Cellar/glib/2.64.3/lib /usr/local/Cellar/cairomm/1.12.2_1/lib/$(CONFIGURATION)$(EFFECTIVE_PLATFORM_NAME) /usr/local/Cellar/cairomm/1.12.2_1/lib /usr/local/Cellar/libsigc++@2/2.10.3/lib/$(CONFIGURATION)$(EFFECTIVE_PLATFORM_NAME) /usr/local/Cellar/libsigc++@2/2.10.3/lib /usr/local/Cellar/gdk-pixbuf/2.40.0_1/lib/$(CONFIGURATION)$(EFFECTIVE_PLATFORM_NAME) /usr/local/Cellar/gdk-pixbuf/2.40.0_1/lib /usr/local/opt/gettext/lib/$(CONFIGURATION)$(EFFECTIVE_PLATFORM_NAME) /usr/local/opt/gettext/lib";
				OTHER_CPLUSPLUSFLAGS = "    -DNDEBUG '-std=gnu++17' ";
				OTHER_LDFLAGS = " -Wl,-search_paths_first -Wl,-headerpad_max_install_names  -lgtkmm-3.0 -latkmm-1.6 -lgdkmm-3.0 -lgiomm-2.4 -lpangomm-1.4 -lglibmm-2.4 -lgtk-3 -lgdk-3 -lpangocairo-1.0 -lpango-1.0 -lharfbuzz -latk-1.0 -lcairo-gobject -lgio-2.0 -lcairomm-1.0 -lcairo -lsigc-2.0 -lgdk_pixbuf-2.0 -lgobject-2.0 -lglib-2.0 -lintl";
				OTHER_REZFLAGS = "";
				PRODUCT_NAME = Panel;
				SECTORDER_FLAGS = "";
				SYMROOT = "/Users/shalomfriss/Downloads/Examples_Gtkmm-master/src/Panel";
				USE_HEADERMAP = NO;
				WARNING_CFLAGS = ("$(inherited)");
			};
			name = MinSizeRel;
		};
		E5C7B50F5E5645DF8F487C3A /* Release */ = {
			isa = XCBuildConfiguration;
			buildSettings = {
				ONLY_ACTIVE_ARCH = YES;
				SDKROOT = /Applications/Xcode.app/Contents/Developer/Platforms/MacOSX.platform/Developer/SDKs/MacOSX10.15.sdk;
				SYMROOT = "/Users/shalomfriss/Downloads/Examples_Gtkmm-master/src/Panel/build";
			};
			name = Release;
		};
		F7F4270BD9084A5E941DE10D /* Debug */ = {
			isa = XCBuildConfiguration;
			buildSettings = {
				COMBINE_HIDPI_IMAGES = YES;
				GCC_GENERATE_DEBUGGING_SYMBOLS = YES;
				GCC_INLINES_ARE_PRIVATE_EXTERN = NO;
				GCC_OPTIMIZATION_LEVEL = 0;
				GCC_PREPROCESSOR_DEFINITIONS = ("'CMAKE_INTDIR=\"$(CONFIGURATION)$(EFFECTIVE_PLATFORM_NAME)\"'");
				GCC_SYMBOLS_PRIVATE_EXTERN = NO;
				INSTALL_PATH = "";
				OTHER_LDFLAGS = " ";
				OTHER_REZFLAGS = "";
				PRODUCT_NAME = ALL_BUILD;
				SECTORDER_FLAGS = "";
				SYMROOT = "/Users/shalomfriss/Downloads/Examples_Gtkmm-master/src/Panel";
				USE_HEADERMAP = NO;
				WARNING_CFLAGS = ("$(inherited)");
			};
			name = Debug;
		};
/* End XCBuildConfiguration section */

/* Begin XCConfigurationList section */
		40B7AF715B334E02AE6510F4 /* Build configuration list for PBXProject "Panel" */ = {
			isa = XCConfigurationList;
			buildConfigurations = (
				4295344B8B984E6E8DE45EC6 /* Debug */,
				E5C7B50F5E5645DF8F487C3A /* Release */,
				DCB3E501A7004CB0A0A3C56D /* MinSizeRel */,
				8A437CBE067849FB81168809 /* RelWithDebInfo */,
			);
			defaultConfigurationIsVisible = 0;
			defaultConfigurationName = Debug;
		};
		6FD8A5C6E76D45FEA5537ADB /* Build configuration list for PBXAggregateTarget "ALL_BUILD" */ = {
			isa = XCConfigurationList;
			buildConfigurations = (
				F7F4270BD9084A5E941DE10D /* Debug */,
				5673FF2BA96240E592C17D5A /* Release */,
				560DDE24C04F4070B5BE0FF7 /* MinSizeRel */,
				299EBA5430EC44BE836E0BDB /* RelWithDebInfo */,
			);
			defaultConfigurationIsVisible = 0;
			defaultConfigurationName = Debug;
		};
		A387183D558E4C0B830C05FE /* Build configuration list for PBXNativeTarget "Panel" */ = {
			isa = XCConfigurationList;
			buildConfigurations = (
				A6C75C4917C04DE6B8E46404 /* Debug */,
				DB499091F3C44469BBF35AAD /* Release */,
				E268B7F485E240ED82EB803A /* MinSizeRel */,
				BB58BC6AE25E4DBBBE9AD310 /* RelWithDebInfo */,
			);
			defaultConfigurationIsVisible = 0;
			defaultConfigurationName = Debug;
		};
		ABBBCDB65B464E478EE332CF /* Build configuration list for PBXAggregateTarget "ZERO_CHECK" */ = {
			isa = XCConfigurationList;
			buildConfigurations = (
				C067B6B4513F44888ACB713D /* Debug */,
				1A6BB5557F174583B1AEB567 /* Release */,
				CAB048E824FE4F39A6436AC4 /* MinSizeRel */,
				D3D0CEAA84FB460F8C4F0BD6 /* RelWithDebInfo */,
			);
			defaultConfigurationIsVisible = 0;
			defaultConfigurationName = Debug;
		};
/* End XCConfigurationList section */
	};
	rootObject = 23C9A937D3F448FE85068CC0 /* Project object */;
}
