// !$*UTF8*$!
{
	archiveVersion = 1;
	classes = {
	};
	objectVersion = 46;
	objects = {

/* Begin PBXAggregateTarget section */
		1B860205C35440CDABA050FF /* ALL_BUILD */ = {
			isa = PBXAggregateTarget;
			buildConfigurationList = 0015F1C340D843A2BA61E8C2 /* Build configuration list for PBXAggregateTarget "ALL_BUILD" */;
			buildPhases = (
				E9097E6CB48B4D3DB143EFCB /* CMake Rules */,
			);
			dependencies = (
				43041515548E47ED95CA04AD /* PBXTargetDependency */,
				423AFD87B3AF4D3C80F5FED8 /* PBXTargetDependency */,
			);
			name = ALL_BUILD;
			productName = ALL_BUILD;
		};
		D15875307E3C4B4BA39B3B62 /* ZERO_CHECK */ = {
			isa = PBXAggregateTarget;
			buildConfigurationList = C125E59ACBE74968A280BFBA /* Build configuration list for PBXAggregateTarget "ZERO_CHECK" */;
			buildPhases = (
				35955CC4D5B04F3BBE4D7648 /* CMake Rules */,
			);
			dependencies = (
			);
			name = ZERO_CHECK;
			productName = ZERO_CHECK;
		};
/* End PBXAggregateTarget section */

/* Begin PBXBuildFile section */
		3B53B95AC28D415E890CB347 /* /Users/shalomfriss/Downloads/Examples_Gtkmm-master/src/Test/CMakeLists.txt */ = {isa = PBXBuildFile; fileRef = 78108E1033574CA98FDDCD42 /* /Users/shalomfriss/Downloads/Examples_Gtkmm-master/src/Test/CMakeLists.txt */; };
		A7D3D9153F6747CB9B70CD91 /* /Users/shalomfriss/Downloads/Examples_Gtkmm-master/src/Test/CMakeFiles/Test.dir/Info.plist */ = {isa = PBXBuildFile; fileRef = 31DEB82E3C3244A6BC0D6FE4 /* /Users/shalomfriss/Downloads/Examples_Gtkmm-master/src/Test/CMakeFiles/Test.dir/Info.plist */; };
		CE31A83BF2CA44A2B9930ADE /* /Users/shalomfriss/Downloads/Examples_Gtkmm-master/src/Test/Test.cpp */ = {isa = PBXBuildFile; fileRef = C06EC10E404D4D91A6FD8EAB /* /Users/shalomfriss/Downloads/Examples_Gtkmm-master/src/Test/Test.cpp */; };
/* End PBXBuildFile section */

/* Begin PBXBuildStyle section */
		5A4008AE8A6441E891A5DE93 /* RelWithDebInfo */ = {
			isa = PBXBuildStyle;
			buildSettings = {
				COPY_PHASE_STRIP = NO;
			};
			name = RelWithDebInfo;
		};
		8FAD56AC53964599B860E3FD /* Debug */ = {
			isa = PBXBuildStyle;
			buildSettings = {
				COPY_PHASE_STRIP = NO;
			};
			name = Debug;
		};
		C0EE37C11AA7474584430214 /* MinSizeRel */ = {
			isa = PBXBuildStyle;
			buildSettings = {
				COPY_PHASE_STRIP = NO;
			};
			name = MinSizeRel;
		};
		ECC4D3984A234243B8D037A4 /* Release */ = {
			isa = PBXBuildStyle;
			buildSettings = {
				COPY_PHASE_STRIP = NO;
			};
			name = Release;
		};
/* End PBXBuildStyle section */

/* Begin PBXContainerItemProxy section */
		858C4DDE355D4B6182A6F96E /* PBXContainerItemProxy */ = {
			isa = PBXContainerItemProxy;
			containerPortal = 2B5718E9FA00471DBC0F4A9C /* Project object */;
			proxyType = 1;
			remoteGlobalIDString = 0BBBC7E459FE4A758E0AED42;
			remoteInfo = Test;
		};
		9169FEF958C843348A0AD3E7 /* PBXContainerItemProxy */ = {
			isa = PBXContainerItemProxy;
			containerPortal = 2B5718E9FA00471DBC0F4A9C /* Project object */;
			proxyType = 1;
			remoteGlobalIDString = D15875307E3C4B4BA39B3B62;
			remoteInfo = ZERO_CHECK;
		};
		B6252C0D2B9F486C9F6DC8FF /* PBXContainerItemProxy */ = {
			isa = PBXContainerItemProxy;
			containerPortal = 2B5718E9FA00471DBC0F4A9C /* Project object */;
			proxyType = 1;
			remoteGlobalIDString = D15875307E3C4B4BA39B3B62;
			remoteInfo = ZERO_CHECK;
		};
/* End PBXContainerItemProxy section */

/* Begin PBXFileReference section */
		31DEB82E3C3244A6BC0D6FE4 /* /Users/shalomfriss/Downloads/Examples_Gtkmm-master/src/Test/CMakeFiles/Test.dir/Info.plist */ = {isa = PBXFileReference; explicitFileType = sourcecode.text.plist; fileEncoding = 4; name = Info.plist; path = CMakeFiles/Test.dir/Info.plist; sourceTree = SOURCE_ROOT; };
		5AF8EDFEDC3E4B3DBDC423B0 /* Test */ = {isa = PBXFileReference; explicitFileType = "compiled.mach-o.executable"; path = Test; sourceTree = BUILT_PRODUCTS_DIR; };
		78108E1033574CA98FDDCD42 /* /Users/shalomfriss/Downloads/Examples_Gtkmm-master/src/Test/CMakeLists.txt */ = {isa = PBXFileReference; explicitFileType = sourcecode.text; fileEncoding = 4; name = CMakeLists.txt; path = CMakeLists.txt; sourceTree = SOURCE_ROOT; };
		950001FD43294E858A7EEC16 /* /Users/shalomfriss/Downloads/Examples_Gtkmm-master/src/Test/CMakeLists.txt */ = {isa = PBXFileReference; explicitFileType = sourcecode.text; fileEncoding = 4; name = CMakeLists.txt; path = CMakeLists.txt; sourceTree = SOURCE_ROOT; };
		C06EC10E404D4D91A6FD8EAB /* /Users/shalomfriss/Downloads/Examples_Gtkmm-master/src/Test/Test.cpp */ = {isa = PBXFileReference; explicitFileType = sourcecode.cpp.cpp; fileEncoding = 4; name = Test.cpp; path = Test.cpp; sourceTree = SOURCE_ROOT; };
/* End PBXFileReference section */

/* Begin PBXGroup section */
		32ACD13380E440998C9B6FA6 /* CMake Rules */ = {
			isa = PBXGroup;
			children = (
			);
			name = "CMake Rules";
			sourceTree = "<group>";
		};
		3A2B4B9FAA6A42A88C945CE6 /* ALL_BUILD */ = {
			isa = PBXGroup;
			children = (
				32ACD13380E440998C9B6FA6 /* CMake Rules */,
				950001FD43294E858A7EEC16 /* /Users/shalomfriss/Downloads/Examples_Gtkmm-master/src/Test/CMakeLists.txt */,
			);
			name = ALL_BUILD;
			sourceTree = "<group>";
		};
		74421022477F4A779EAF2FCF /* Test */ = {
			isa = PBXGroup;
			children = (
				EC1947EA526449879DA3934B /* Source Files */,
				BACEFF5F5A2441319B4ADD67 /* Resources */,
				78108E1033574CA98FDDCD42 /* /Users/shalomfriss/Downloads/Examples_Gtkmm-master/src/Test/CMakeLists.txt */,
			);
			name = Test;
			sourceTree = "<group>";
		};
		8353058477354D799915D713 = {
			isa = PBXGroup;
			children = (
				74421022477F4A779EAF2FCF /* Test */,
				3A2B4B9FAA6A42A88C945CE6 /* ALL_BUILD */,
				C419D0C5D6BB4CF8821C11D7 /* Products */,
			);
			sourceTree = "<group>";
		};
		BACEFF5F5A2441319B4ADD67 /* Resources */ = {
			isa = PBXGroup;
			children = (
				31DEB82E3C3244A6BC0D6FE4 /* /Users/shalomfriss/Downloads/Examples_Gtkmm-master/src/Test/CMakeFiles/Test.dir/Info.plist */,
			);
			name = Resources;
			sourceTree = "<group>";
		};
		C419D0C5D6BB4CF8821C11D7 /* Products */ = {
			isa = PBXGroup;
			children = (
				5AF8EDFEDC3E4B3DBDC423B0 /* Test */,
			);
			name = Products;
			sourceTree = "<group>";
		};
		EC1947EA526449879DA3934B /* Source Files */ = {
			isa = PBXGroup;
			children = (
				C06EC10E404D4D91A6FD8EAB /* /Users/shalomfriss/Downloads/Examples_Gtkmm-master/src/Test/Test.cpp */,
			);
			name = "Source Files";
			sourceTree = "<group>";
		};
/* End PBXGroup section */

/* Begin PBXNativeTarget section */
		0BBBC7E459FE4A758E0AED42 /* Test */ = {
			isa = PBXNativeTarget;
			buildConfigurationList = A2E03601AF5D44E1AB7C5BE0 /* Build configuration list for PBXNativeTarget "Test" */;
			buildPhases = (
				DEC2EA9D6ACF41C6B1151862 /* Sources */,
			);
			buildRules = (
			);
			dependencies = (
				D40A987272B44EE7AF29FDFB /* PBXTargetDependency */,
			);
			name = Test;
			productName = Test;
			productReference = 5AF8EDFEDC3E4B3DBDC423B0 /* Test */;
			productType = "com.apple.product-type.application";
		};
/* End PBXNativeTarget section */

/* Begin PBXProject section */
		2B5718E9FA00471DBC0F4A9C /* Project object */ = {
			isa = PBXProject;
			attributes = {
				BuildIndependentTargetsInParallel = YES;
				LastUpgradeCheck = 1150;
			};
			buildConfigurationList = 6D80150DE9E947BA8A16B8C2 /* Build configuration list for PBXProject "Test" */;
			buildSettings = {
			};
			buildStyles = (
				8FAD56AC53964599B860E3FD /* Debug */,
				ECC4D3984A234243B8D037A4 /* Release */,
				C0EE37C11AA7474584430214 /* MinSizeRel */,
				5A4008AE8A6441E891A5DE93 /* RelWithDebInfo */,
			);
			compatibilityVersion = "Xcode 3.2";
			hasScannedForEncodings = 0;
			mainGroup = 8353058477354D799915D713;
			projectDirPath = .;
			projectRoot = "";
			targets = (
				1B860205C35440CDABA050FF /* ALL_BUILD */,
				0BBBC7E459FE4A758E0AED42 /* Test */,
				D15875307E3C4B4BA39B3B62 /* ZERO_CHECK */,
			);
		};
/* End PBXProject section */

/* Begin PBXShellScriptBuildPhase section */
		20FC3A9E69764885B96EFBC7 = {
			isa = PBXShellScriptBuildPhase;
			buildActionMask = 2147483647;
			files = (
			);
			inputPaths = (
			);
			outputPaths = (
			);
			runOnlyForDeploymentPostprocessing = 0;
			shellPath = /bin/sh;
			shellScript = "# shell script goes here
exit 0";
			showEnvVarsInLog = 0;
		};
		35955CC4D5B04F3BBE4D7648 /* CMake Rules */ = {
			isa = PBXShellScriptBuildPhase;
			buildActionMask = 2147483647;
			files = (
			);
			name = "CMake Rules";
			runOnlyForDeploymentPostprocessing = 0;
			shellPath = /bin/sh;
			shellScript = "make -C /Users/shalomfriss/Downloads/Examples_Gtkmm-master/src/Test -f /Users/shalomfriss/Downloads/Examples_Gtkmm-master/src/Test/CMakeScripts/ZERO_CHECK_cmakeRulesBuildPhase.make$CONFIGURATION OBJDIR=$(basename \"$OBJECT_FILE_DIR_normal\") all";
			showEnvVarsInLog = 0;
		};
		64929C6847714185BC0D4B17 = {
			isa = PBXShellScriptBuildPhase;
			buildActionMask = 2147483647;
			files = (
			);
			inputPaths = (
			);
			outputPaths = (
			);
			runOnlyForDeploymentPostprocessing = 0;
			shellPath = /bin/sh;
			shellScript = "# shell script goes here
exit 0";
			showEnvVarsInLog = 0;
		};
		E9097E6CB48B4D3DB143EFCB /* CMake Rules */ = {
			isa = PBXShellScriptBuildPhase;
			buildActionMask = 2147483647;
			files = (
			);
			name = "CMake Rules";
			runOnlyForDeploymentPostprocessing = 0;
			shellPath = /bin/sh;
			shellScript = "make -C /Users/shalomfriss/Downloads/Examples_Gtkmm-master/src/Test -f /Users/shalomfriss/Downloads/Examples_Gtkmm-master/src/Test/CMakeScripts/ALL_BUILD_cmakeRulesBuildPhase.make$CONFIGURATION OBJDIR=$(basename \"$OBJECT_FILE_DIR_normal\") all";
			showEnvVarsInLog = 0;
		};
/* End PBXShellScriptBuildPhase section */

/* Begin PBXSourcesBuildPhase section */
		DEC2EA9D6ACF41C6B1151862 /* Sources */ = {
			isa = PBXSourcesBuildPhase;
			buildActionMask = 2147483647;
			files = (
				CE31A83BF2CA44A2B9930ADE /* /Users/shalomfriss/Downloads/Examples_Gtkmm-master/src/Test/Test.cpp */,
			);
			runOnlyForDeploymentPostprocessing = 0;
		};
/* End PBXSourcesBuildPhase section */

/* Begin PBXTargetDependency section */
		423AFD87B3AF4D3C80F5FED8 /* PBXTargetDependency */ = {
			isa = PBXTargetDependency;
			target = 0BBBC7E459FE4A758E0AED42 /* Test */;
			targetProxy = 858C4DDE355D4B6182A6F96E /* PBXContainerItemProxy */;
		};
		43041515548E47ED95CA04AD /* PBXTargetDependency */ = {
			isa = PBXTargetDependency;
			target = D15875307E3C4B4BA39B3B62 /* ZERO_CHECK */;
			targetProxy = B6252C0D2B9F486C9F6DC8FF /* PBXContainerItemProxy */;
		};
		D40A987272B44EE7AF29FDFB /* PBXTargetDependency */ = {
			isa = PBXTargetDependency;
			target = D15875307E3C4B4BA39B3B62 /* ZERO_CHECK */;
			targetProxy = 9169FEF958C843348A0AD3E7 /* PBXContainerItemProxy */;
		};
/* End PBXTargetDependency section */

/* Begin XCBuildConfiguration section */
		0746758D61F543E09B64B015 /* Release */ = {
			isa = XCBuildConfiguration;
			buildSettings = {
				COMBINE_HIDPI_IMAGES = YES;
				EXECUTABLE_PREFIX = "";
				EXECUTABLE_SUFFIX = "";
				GCC_GENERATE_DEBUGGING_SYMBOLS = NO;
				GCC_INLINES_ARE_PRIVATE_EXTERN = NO;
				GCC_OPTIMIZATION_LEVEL = 3;
				GCC_PREPROCESSOR_DEFINITIONS = ("'CMAKE_INTDIR=\"$(CONFIGURATION)$(EFFECTIVE_PLATFORM_NAME)\"'");
				GCC_SYMBOLS_PRIVATE_EXTERN = NO;
				HEADER_SEARCH_PATHS = (/usr/local/Cellar/libffi/3.3/include,"/usr/local/Cellar/gtkmm3/3.24.2_1/include/gtkmm-3.0","/usr/local/Cellar/gtkmm3/3.24.2_1/lib/gtkmm-3.0/include","/usr/local/Cellar/atkmm/2.28.0_2/include/atkmm-1.6","/usr/local/Cellar/gtk+3/3.24.21/include/gtk-3.0/unix-print","/usr/local/Cellar/gtkmm3/3.24.2_1/include/gdkmm-3.0","/usr/local/Cellar/gtkmm3/3.24.2_1/lib/gdkmm-3.0/include","/usr/local/Cellar/glibmm/2.64.2/include/giomm-2.4","/usr/local/Cellar/glibmm/2.64.2/lib/giomm-2.4/include","/usr/local/Cellar/pangomm/2.42.1/include/pangomm-1.4","/usr/local/Cellar/pangomm/2.42.1/lib/pangomm-1.4/include","/usr/local/Cellar/glibmm/2.64.2/include/glibmm-2.4","/usr/local/Cellar/glibmm/2.64.2/lib/glibmm-2.4/include","/usr/local/Cellar/gtk+3/3.24.21/include/gtk-3.0","/usr/local/Cellar/glib/2.64.3/include/gio-unix-2.0",/usr/local/Cellar/cairo/1.16.0_3/include/cairo,/usr/local/Cellar/libepoxy/1.5.4_1/include,"/usr/local/Cellar/pango/1.44.7/include/pango-1.0",/usr/local/Cellar/fribidi/1.0.9/include/fribidi,/usr/local/Cellar/harfbuzz/2.6.8/include/harfbuzz,/usr/local/Cellar/graphite2/1.3.14/include,"/usr/local/Cellar/atk/2.36.0/include/atk-1.0","/usr/local/Cellar/cairomm/1.12.2_1/include/cairomm-1.0","/usr/local/Cellar/cairomm/1.12.2_1/lib/cairomm-1.0/include","/usr/local/Cellar/pixman/0.40.0/include/pixman-1",/usr/local/Cellar/fontconfig/2.13.1/include,/usr/local/opt/freetype/include/freetype2,/usr/local/Cellar/libpng/1.6.37/include/libpng16,"/usr/local/Cellar/libsigc++@2/2.10.3/include/sigc++-2.0","/usr/local/Cellar/libsigc++@2/2.10.3/lib/sigc++-2.0/include","/usr/local/Cellar/gdk-pixbuf/2.40.0_1/include/gdk-pixbuf-2.0",/usr/local/Cellar/glib/2.64.3/include,"/usr/local/Cellar/glib/2.64.3/include/glib-2.0","/usr/local/Cellar/glib/2.64.3/lib/glib-2.0/include",/usr/local/opt/gettext/include,/usr/local/Cellar/pcre/8.44/include);
				INFOPLIST_FILE = "/Users/shalomfriss/Downloads/Examples_Gtkmm-master/src/Test/CMakeFiles/Test.dir/Info.plist";
				INSTALL_PATH = "";
				LD_RUNPATH_SEARCH_PATHS = "/usr/local/Cellar/gtkmm3/3.24.2_1/lib /usr/local/Cellar/atkmm/2.28.0_2/lib /usr/local/Cellar/glibmm/2.64.2/lib /usr/local/Cellar/pangomm/2.42.1/lib /usr/local/Cellar/gtk+3/3.24.21/lib /usr/local/Cellar/pango/1.44.7/lib /usr/local/Cellar/harfbuzz/2.6.8/lib /usr/local/Cellar/atk/2.36.0/lib /usr/local/Cellar/cairo/1.16.0_3/lib /usr/local/Cellar/glib/2.64.3/lib /usr/local/Cellar/cairomm/1.12.2_1/lib /usr/local/Cellar/libsigc++@2/2.10.3/lib /usr/local/Cellar/gdk-pixbuf/2.40.0_1/lib /usr/local/opt/gettext/lib";
				LIBRARY_SEARCH_PATHS = " /usr/local/Cellar/gtkmm3/3.24.2_1/lib/$(CONFIGURATION)$(EFFECTIVE_PLATFORM_NAME) /usr/local/Cellar/gtkmm3/3.24.2_1/lib /usr/local/Cellar/atkmm/2.28.0_2/lib/$(CONFIGURATION)$(EFFECTIVE_PLATFORM_NAME) /usr/local/Cellar/atkmm/2.28.0_2/lib /usr/local/Cellar/glibmm/2.64.2/lib/$(CONFIGURATION)$(EFFECTIVE_PLATFORM_NAME) /usr/local/Cellar/glibmm/2.64.2/lib /usr/local/Cellar/pangomm/2.42.1/lib/$(CONFIGURATION)$(EFFECTIVE_PLATFORM_NAME) /usr/local/Cellar/pangomm/2.42.1/lib /usr/local/Cellar/gtk+3/3.24.21/lib/$(CONFIGURATION)$(EFFECTIVE_PLATFORM_NAME) /usr/local/Cellar/gtk+3/3.24.21/lib /usr/local/Cellar/pango/1.44.7/lib/$(CONFIGURATION)$(EFFECTIVE_PLATFORM_NAME) /usr/local/Cellar/pango/1.44.7/lib /usr/local/Cellar/harfbuzz/2.6.8/lib/$(CONFIGURATION)$(EFFECTIVE_PLATFORM_NAME) /usr/local/Cellar/harfbuzz/2.6.8/lib /usr/local/Cellar/atk/2.36.0/lib/$(CONFIGURATION)$(EFFECTIVE_PLATFORM_NAME) /usr/local/Cellar/atk/2.36.0/lib /usr/local/Cellar/cairo/1.16.0_3/lib/$(CONFIGURATION)$(EFFECTIVE_PLATFORM_NAME) /usr/local/Cellar/cairo/1.16.0_3/lib /usr/local/Cellar/glib/2.64.3/lib/$(CONFIGURATION)$(EFFECTIVE_PLATFORM_NAME) /usr/local/Cellar/glib/2.64.3/lib /usr/local/Cellar/cairomm/1.12.2_1/lib/$(CONFIGURATION)$(EFFECTIVE_PLATFORM_NAME) /usr/local/Cellar/cairomm/1.12.2_1/lib /usr/local/Cellar/libsigc++@2/2.10.3/lib/$(CONFIGURATION)$(EFFECTIVE_PLATFORM_NAME) /usr/local/Cellar/libsigc++@2/2.10.3/lib /usr/local/Cellar/gdk-pixbuf/2.40.0_1/lib/$(CONFIGURATION)$(EFFECTIVE_PLATFORM_NAME) /usr/local/Cellar/gdk-pixbuf/2.40.0_1/lib /usr/local/opt/gettext/lib/$(CONFIGURATION)$(EFFECTIVE_PLATFORM_NAME) /usr/local/opt/gettext/lib";
				OTHER_CPLUSPLUSFLAGS = "    -DNDEBUG '-std=gnu++17' ";
				OTHER_LDFLAGS = " -Wl,-search_paths_first -Wl,-headerpad_max_install_names  -lgtkmm-3.0 -latkmm-1.6 -lgdkmm-3.0 -lgiomm-2.4 -lpangomm-1.4 -lglibmm-2.4 -lgtk-3 -lgdk-3 -lpangocairo-1.0 -lpango-1.0 -lharfbuzz -latk-1.0 -lcairo-gobject -lgio-2.0 -lcairomm-1.0 -lcairo -lsigc-2.0 -lgdk_pixbuf-2.0 -lgobject-2.0 -lglib-2.0 -lintl";
				OTHER_REZFLAGS = "";
				PRODUCT_NAME = Test;
				SECTORDER_FLAGS = "";
				SYMROOT = "/Users/shalomfriss/Downloads/Examples_Gtkmm-master/src/Test";
				USE_HEADERMAP = NO;
				WARNING_CFLAGS = ("$(inherited)");
			};
			name = Release;
		};
		129BBDA1EB8B4A66B3827BD5 /* Debug */ = {
			isa = XCBuildConfiguration;
			buildSettings = {
				COMBINE_HIDPI_IMAGES = YES;
				EXECUTABLE_PREFIX = "";
				EXECUTABLE_SUFFIX = "";
				GCC_GENERATE_DEBUGGING_SYMBOLS = YES;
				GCC_INLINES_ARE_PRIVATE_EXTERN = NO;
				GCC_OPTIMIZATION_LEVEL = 0;
				GCC_PREPROCESSOR_DEFINITIONS = ("'CMAKE_INTDIR=\"$(CONFIGURATION)$(EFFECTIVE_PLATFORM_NAME)\"'");
				GCC_SYMBOLS_PRIVATE_EXTERN = NO;
				HEADER_SEARCH_PATHS = (/usr/local/Cellar/libffi/3.3/include,"/usr/local/Cellar/gtkmm3/3.24.2_1/include/gtkmm-3.0","/usr/local/Cellar/gtkmm3/3.24.2_1/lib/gtkmm-3.0/include","/usr/local/Cellar/atkmm/2.28.0_2/include/atkmm-1.6","/usr/local/Cellar/gtk+3/3.24.21/include/gtk-3.0/unix-print","/usr/local/Cellar/gtkmm3/3.24.2_1/include/gdkmm-3.0","/usr/local/Cellar/gtkmm3/3.24.2_1/lib/gdkmm-3.0/include","/usr/local/Cellar/glibmm/2.64.2/include/giomm-2.4","/usr/local/Cellar/glibmm/2.64.2/lib/giomm-2.4/include","/usr/local/Cellar/pangomm/2.42.1/include/pangomm-1.4","/usr/local/Cellar/pangomm/2.42.1/lib/pangomm-1.4/include","/usr/local/Cellar/glibmm/2.64.2/include/glibmm-2.4","/usr/local/Cellar/glibmm/2.64.2/lib/glibmm-2.4/include","/usr/local/Cellar/gtk+3/3.24.21/include/gtk-3.0","/usr/local/Cellar/glib/2.64.3/include/gio-unix-2.0",/usr/local/Cellar/cairo/1.16.0_3/include/cairo,/usr/local/Cellar/libepoxy/1.5.4_1/include,"/usr/local/Cellar/pango/1.44.7/include/pango-1.0",/usr/local/Cellar/fribidi/1.0.9/include/fribidi,/usr/local/Cellar/harfbuzz/2.6.8/include/harfbuzz,/usr/local/Cellar/graphite2/1.3.14/include,"/usr/local/Cellar/atk/2.36.0/include/atk-1.0","/usr/local/Cellar/cairomm/1.12.2_1/include/cairomm-1.0","/usr/local/Cellar/cairomm/1.12.2_1/lib/cairomm-1.0/include","/usr/local/Cellar/pixman/0.40.0/include/pixman-1",/usr/local/Cellar/fontconfig/2.13.1/include,/usr/local/opt/freetype/include/freetype2,/usr/local/Cellar/libpng/1.6.37/include/libpng16,"/usr/local/Cellar/libsigc++@2/2.10.3/include/sigc++-2.0","/usr/local/Cellar/libsigc++@2/2.10.3/lib/sigc++-2.0/include","/usr/local/Cellar/gdk-pixbuf/2.40.0_1/include/gdk-pixbuf-2.0",/usr/local/Cellar/glib/2.64.3/include,"/usr/local/Cellar/glib/2.64.3/include/glib-2.0","/usr/local/Cellar/glib/2.64.3/lib/glib-2.0/include",/usr/local/opt/gettext/include,/usr/local/Cellar/pcre/8.44/include);
				INFOPLIST_FILE = "/Users/shalomfriss/Downloads/Examples_Gtkmm-master/src/Test/CMakeFiles/Test.dir/Info.plist";
				INSTALL_PATH = "";
				LD_RUNPATH_SEARCH_PATHS = "/usr/local/Cellar/gtkmm3/3.24.2_1/lib /usr/local/Cellar/atkmm/2.28.0_2/lib /usr/local/Cellar/glibmm/2.64.2/lib /usr/local/Cellar/pangomm/2.42.1/lib /usr/local/Cellar/gtk+3/3.24.21/lib /usr/local/Cellar/pango/1.44.7/lib /usr/local/Cellar/harfbuzz/2.6.8/lib /usr/local/Cellar/atk/2.36.0/lib /usr/local/Cellar/cairo/1.16.0_3/lib /usr/local/Cellar/glib/2.64.3/lib /usr/local/Cellar/cairomm/1.12.2_1/lib /usr/local/Cellar/libsigc++@2/2.10.3/lib /usr/local/Cellar/gdk-pixbuf/2.40.0_1/lib /usr/local/opt/gettext/lib";
				LIBRARY_SEARCH_PATHS = " /usr/local/Cellar/gtkmm3/3.24.2_1/lib/$(CONFIGURATION)$(EFFECTIVE_PLATFORM_NAME) /usr/local/Cellar/gtkmm3/3.24.2_1/lib /usr/local/Cellar/atkmm/2.28.0_2/lib/$(CONFIGURATION)$(EFFECTIVE_PLATFORM_NAME) /usr/local/Cellar/atkmm/2.28.0_2/lib /usr/local/Cellar/glibmm/2.64.2/lib/$(CONFIGURATION)$(EFFECTIVE_PLATFORM_NAME) /usr/local/Cellar/glibmm/2.64.2/lib /usr/local/Cellar/pangomm/2.42.1/lib/$(CONFIGURATION)$(EFFECTIVE_PLATFORM_NAME) /usr/local/Cellar/pangomm/2.42.1/lib /usr/local/Cellar/gtk+3/3.24.21/lib/$(CONFIGURATION)$(EFFECTIVE_PLATFORM_NAME) /usr/local/Cellar/gtk+3/3.24.21/lib /usr/local/Cellar/pango/1.44.7/lib/$(CONFIGURATION)$(EFFECTIVE_PLATFORM_NAME) /usr/local/Cellar/pango/1.44.7/lib /usr/local/Cellar/harfbuzz/2.6.8/lib/$(CONFIGURATION)$(EFFECTIVE_PLATFORM_NAME) /usr/local/Cellar/harfbuzz/2.6.8/lib /usr/local/Cellar/atk/2.36.0/lib/$(CONFIGURATION)$(EFFECTIVE_PLATFORM_NAME) /usr/local/Cellar/atk/2.36.0/lib /usr/local/Cellar/cairo/1.16.0_3/lib/$(CONFIGURATION)$(EFFECTIVE_PLATFORM_NAME) /usr/local/Cellar/cairo/1.16.0_3/lib /usr/local/Cellar/glib/2.64.3/lib/$(CONFIGURATION)$(EFFECTIVE_PLATFORM_NAME) /usr/local/Cellar/glib/2.64.3/lib /usr/local/Cellar/cairomm/1.12.2_1/lib/$(CONFIGURATION)$(EFFECTIVE_PLATFORM_NAME) /usr/local/Cellar/cairomm/1.12.2_1/lib /usr/local/Cellar/libsigc++@2/2.10.3/lib/$(CONFIGURATION)$(EFFECTIVE_PLATFORM_NAME) /usr/local/Cellar/libsigc++@2/2.10.3/lib /usr/local/Cellar/gdk-pixbuf/2.40.0_1/lib/$(CONFIGURATION)$(EFFECTIVE_PLATFORM_NAME) /usr/local/Cellar/gdk-pixbuf/2.40.0_1/lib /usr/local/opt/gettext/lib/$(CONFIGURATION)$(EFFECTIVE_PLATFORM_NAME) /usr/local/opt/gettext/lib";
				OTHER_CPLUSPLUSFLAGS = "   '-std=gnu++17' ";
				OTHER_LDFLAGS = " -Wl,-search_paths_first -Wl,-headerpad_max_install_names  -lgtkmm-3.0 -latkmm-1.6 -lgdkmm-3.0 -lgiomm-2.4 -lpangomm-1.4 -lglibmm-2.4 -lgtk-3 -lgdk-3 -lpangocairo-1.0 -lpango-1.0 -lharfbuzz -latk-1.0 -lcairo-gobject -lgio-2.0 -lcairomm-1.0 -lcairo -lsigc-2.0 -lgdk_pixbuf-2.0 -lgobject-2.0 -lglib-2.0 -lintl";
				OTHER_REZFLAGS = "";
				PRODUCT_NAME = Test;
				SECTORDER_FLAGS = "";
				SYMROOT = "/Users/shalomfriss/Downloads/Examples_Gtkmm-master/src/Test";
				USE_HEADERMAP = NO;
				WARNING_CFLAGS = ("$(inherited)");
			};
			name = Debug;
		};
		24468D42598A4EF1891C029E /* MinSizeRel */ = {
			isa = XCBuildConfiguration;
			buildSettings = {
				COMBINE_HIDPI_IMAGES = YES;
				GCC_GENERATE_DEBUGGING_SYMBOLS = YES;
				GCC_INLINES_ARE_PRIVATE_EXTERN = NO;
				GCC_OPTIMIZATION_LEVEL = 0;
				GCC_PREPROCESSOR_DEFINITIONS = ("'CMAKE_INTDIR=\"$(CONFIGURATION)$(EFFECTIVE_PLATFORM_NAME)\"'");
				GCC_SYMBOLS_PRIVATE_EXTERN = NO;
				INSTALL_PATH = "";
				OTHER_LDFLAGS = " ";
				OTHER_REZFLAGS = "";
				PRODUCT_NAME = ZERO_CHECK;
				SECTORDER_FLAGS = "";
				SYMROOT = "/Users/shalomfriss/Downloads/Examples_Gtkmm-master/src/Test";
				USE_HEADERMAP = NO;
				WARNING_CFLAGS = ("$(inherited)");
			};
			name = MinSizeRel;
		};
		28E2C819A69C4237B23EF583 /* Debug */ = {
			isa = XCBuildConfiguration;
			buildSettings = {
				ONLY_ACTIVE_ARCH = YES;
				SDKROOT = /Applications/Xcode.app/Contents/Developer/Platforms/MacOSX.platform/Developer/SDKs/MacOSX10.15.sdk;
				SYMROOT = "/Users/shalomfriss/Downloads/Examples_Gtkmm-master/src/Test/build";
			};
			name = Debug;
		};
		302B43330F724542985C54FE /* RelWithDebInfo */ = {
			isa = XCBuildConfiguration;
			buildSettings = {
				COMBINE_HIDPI_IMAGES = YES;
				EXECUTABLE_PREFIX = "";
				EXECUTABLE_SUFFIX = "";
				GCC_GENERATE_DEBUGGING_SYMBOLS = YES;
				GCC_INLINES_ARE_PRIVATE_EXTERN = NO;
				GCC_OPTIMIZATION_LEVEL = 2;
				GCC_PREPROCESSOR_DEFINITIONS = ("'CMAKE_INTDIR=\"$(CONFIGURATION)$(EFFECTIVE_PLATFORM_NAME)\"'");
				GCC_SYMBOLS_PRIVATE_EXTERN = NO;
				HEADER_SEARCH_PATHS = (/usr/local/Cellar/libffi/3.3/include,"/usr/local/Cellar/gtkmm3/3.24.2_1/include/gtkmm-3.0","/usr/local/Cellar/gtkmm3/3.24.2_1/lib/gtkmm-3.0/include","/usr/local/Cellar/atkmm/2.28.0_2/include/atkmm-1.6","/usr/local/Cellar/gtk+3/3.24.21/include/gtk-3.0/unix-print","/usr/local/Cellar/gtkmm3/3.24.2_1/include/gdkmm-3.0","/usr/local/Cellar/gtkmm3/3.24.2_1/lib/gdkmm-3.0/include","/usr/local/Cellar/glibmm/2.64.2/include/giomm-2.4","/usr/local/Cellar/glibmm/2.64.2/lib/giomm-2.4/include","/usr/local/Cellar/pangomm/2.42.1/include/pangomm-1.4","/usr/local/Cellar/pangomm/2.42.1/lib/pangomm-1.4/include","/usr/local/Cellar/glibmm/2.64.2/include/glibmm-2.4","/usr/local/Cellar/glibmm/2.64.2/lib/glibmm-2.4/include","/usr/local/Cellar/gtk+3/3.24.21/include/gtk-3.0","/usr/local/Cellar/glib/2.64.3/include/gio-unix-2.0",/usr/local/Cellar/cairo/1.16.0_3/include/cairo,/usr/local/Cellar/libepoxy/1.5.4_1/include,"/usr/local/Cellar/pango/1.44.7/include/pango-1.0",/usr/local/Cellar/fribidi/1.0.9/include/fribidi,/usr/local/Cellar/harfbuzz/2.6.8/include/harfbuzz,/usr/local/Cellar/graphite2/1.3.14/include,"/usr/local/Cellar/atk/2.36.0/include/atk-1.0","/usr/local/Cellar/cairomm/1.12.2_1/include/cairomm-1.0","/usr/local/Cellar/cairomm/1.12.2_1/lib/cairomm-1.0/include","/usr/local/Cellar/pixman/0.40.0/include/pixman-1",/usr/local/Cellar/fontconfig/2.13.1/include,/usr/local/opt/freetype/include/freetype2,/usr/local/Cellar/libpng/1.6.37/include/libpng16,"/usr/local/Cellar/libsigc++@2/2.10.3/include/sigc++-2.0","/usr/local/Cellar/libsigc++@2/2.10.3/lib/sigc++-2.0/include","/usr/local/Cellar/gdk-pixbuf/2.40.0_1/include/gdk-pixbuf-2.0",/usr/local/Cellar/glib/2.64.3/include,"/usr/local/Cellar/glib/2.64.3/include/glib-2.0","/usr/local/Cellar/glib/2.64.3/lib/glib-2.0/include",/usr/local/opt/gettext/include,/usr/local/Cellar/pcre/8.44/include);
				INFOPLIST_FILE = "/Users/shalomfriss/Downloads/Examples_Gtkmm-master/src/Test/CMakeFiles/Test.dir/Info.plist";
				INSTALL_PATH = "";
				LD_RUNPATH_SEARCH_PATHS = "/usr/local/Cellar/gtkmm3/3.24.2_1/lib /usr/local/Cellar/atkmm/2.28.0_2/lib /usr/local/Cellar/glibmm/2.64.2/lib /usr/local/Cellar/pangomm/2.42.1/lib /usr/local/Cellar/gtk+3/3.24.21/lib /usr/local/Cellar/pango/1.44.7/lib /usr/local/Cellar/harfbuzz/2.6.8/lib /usr/local/Cellar/atk/2.36.0/lib /usr/local/Cellar/cairo/1.16.0_3/lib /usr/local/Cellar/glib/2.64.3/lib /usr/local/Cellar/cairomm/1.12.2_1/lib /usr/local/Cellar/libsigc++@2/2.10.3/lib /usr/local/Cellar/gdk-pixbuf/2.40.0_1/lib /usr/local/opt/gettext/lib";
				LIBRARY_SEARCH_PATHS = " /usr/local/Cellar/gtkmm3/3.24.2_1/lib/$(CONFIGURATION)$(EFFECTIVE_PLATFORM_NAME) /usr/local/Cellar/gtkmm3/3.24.2_1/lib /usr/local/Cellar/atkmm/2.28.0_2/lib/$(CONFIGURATION)$(EFFECTIVE_PLATFORM_NAME) /usr/local/Cellar/atkmm/2.28.0_2/lib /usr/local/Cellar/glibmm/2.64.2/lib/$(CONFIGURATION)$(EFFECTIVE_PLATFORM_NAME) /usr/local/Cellar/glibmm/2.64.2/lib /usr/local/Cellar/pangomm/2.42.1/lib/$(CONFIGURATION)$(EFFECTIVE_PLATFORM_NAME) /usr/local/Cellar/pangomm/2.42.1/lib /usr/local/Cellar/gtk+3/3.24.21/lib/$(CONFIGURATION)$(EFFECTIVE_PLATFORM_NAME) /usr/local/Cellar/gtk+3/3.24.21/lib /usr/local/Cellar/pango/1.44.7/lib/$(CONFIGURATION)$(EFFECTIVE_PLATFORM_NAME) /usr/local/Cellar/pango/1.44.7/lib /usr/local/Cellar/harfbuzz/2.6.8/lib/$(CONFIGURATION)$(EFFECTIVE_PLATFORM_NAME) /usr/local/Cellar/harfbuzz/2.6.8/lib /usr/local/Cellar/atk/2.36.0/lib/$(CONFIGURATION)$(EFFECTIVE_PLATFORM_NAME) /usr/local/Cellar/atk/2.36.0/lib /usr/local/Cellar/cairo/1.16.0_3/lib/$(CONFIGURATION)$(EFFECTIVE_PLATFORM_NAME) /usr/local/Cellar/cairo/1.16.0_3/lib /usr/local/Cellar/glib/2.64.3/lib/$(CONFIGURATION)$(EFFECTIVE_PLATFORM_NAME) /usr/local/Cellar/glib/2.64.3/lib /usr/local/Cellar/cairomm/1.12.2_1/lib/$(CONFIGURATION)$(EFFECTIVE_PLATFORM_NAME) /usr/local/Cellar/cairomm/1.12.2_1/lib /usr/local/Cellar/libsigc++@2/2.10.3/lib/$(CONFIGURATION)$(EFFECTIVE_PLATFORM_NAME) /usr/local/Cellar/libsigc++@2/2.10.3/lib /usr/local/Cellar/gdk-pixbuf/2.40.0_1/lib/$(CONFIGURATION)$(EFFECTIVE_PLATFORM_NAME) /usr/local/Cellar/gdk-pixbuf/2.40.0_1/lib /usr/local/opt/gettext/lib/$(CONFIGURATION)$(EFFECTIVE_PLATFORM_NAME) /usr/local/opt/gettext/lib";
				OTHER_CPLUSPLUSFLAGS = "       -DNDEBUG '-std=gnu++17' ";
				OTHER_LDFLAGS = " -Wl,-search_paths_first -Wl,-headerpad_max_install_names  -lgtkmm-3.0 -latkmm-1.6 -lgdkmm-3.0 -lgiomm-2.4 -lpangomm-1.4 -lglibmm-2.4 -lgtk-3 -lgdk-3 -lpangocairo-1.0 -lpango-1.0 -lharfbuzz -latk-1.0 -lcairo-gobject -lgio-2.0 -lcairomm-1.0 -lcairo -lsigc-2.0 -lgdk_pixbuf-2.0 -lgobject-2.0 -lglib-2.0 -lintl";
				OTHER_REZFLAGS = "";
				PRODUCT_NAME = Test;
				SECTORDER_FLAGS = "";
				SYMROOT = "/Users/shalomfriss/Downloads/Examples_Gtkmm-master/src/Test";
				USE_HEADERMAP = NO;
				WARNING_CFLAGS = ("$(inherited)");
			};
			name = RelWithDebInfo;
		};
		48215D0ED2064972A3B1AFB6 /* MinSizeRel */ = {
			isa = XCBuildConfiguration;
			buildSettings = {
				COMBINE_HIDPI_IMAGES = YES;
				GCC_GENERATE_DEBUGGING_SYMBOLS = YES;
				GCC_INLINES_ARE_PRIVATE_EXTERN = NO;
				GCC_OPTIMIZATION_LEVEL = 0;
				GCC_PREPROCESSOR_DEFINITIONS = ("'CMAKE_INTDIR=\"$(CONFIGURATION)$(EFFECTIVE_PLATFORM_NAME)\"'");
				GCC_SYMBOLS_PRIVATE_EXTERN = NO;
				INSTALL_PATH = "";
				OTHER_LDFLAGS = " ";
				OTHER_REZFLAGS = "";
				PRODUCT_NAME = ALL_BUILD;
				SECTORDER_FLAGS = "";
				SYMROOT = "/Users/shalomfriss/Downloads/Examples_Gtkmm-master/src/Test";
				USE_HEADERMAP = NO;
				WARNING_CFLAGS = ("$(inherited)");
			};
			name = MinSizeRel;
		};
		4B1D56828E1845D4BFE5A71C /* Debug */ = {
			isa = XCBuildConfiguration;
			buildSettings = {
				COMBINE_HIDPI_IMAGES = YES;
				GCC_GENERATE_DEBUGGING_SYMBOLS = YES;
				GCC_INLINES_ARE_PRIVATE_EXTERN = NO;
				GCC_OPTIMIZATION_LEVEL = 0;
				GCC_PREPROCESSOR_DEFINITIONS = ("'CMAKE_INTDIR=\"$(CONFIGURATION)$(EFFECTIVE_PLATFORM_NAME)\"'");
				GCC_SYMBOLS_PRIVATE_EXTERN = NO;
				INSTALL_PATH = "";
				OTHER_LDFLAGS = " ";
				OTHER_REZFLAGS = "";
				PRODUCT_NAME = ZERO_CHECK;
				SECTORDER_FLAGS = "";
				SYMROOT = "/Users/shalomfriss/Downloads/Examples_Gtkmm-master/src/Test";
				USE_HEADERMAP = NO;
				WARNING_CFLAGS = ("$(inherited)");
			};
			name = Debug;
		};
		5C3F664AE5694E64A150C80C /* MinSizeRel */ = {
			isa = XCBuildConfiguration;
			buildSettings = {
				ONLY_ACTIVE_ARCH = YES;
				SDKROOT = /Applications/Xcode.app/Contents/Developer/Platforms/MacOSX.platform/Developer/SDKs/MacOSX10.15.sdk;
				SYMROOT = "/Users/shalomfriss/Downloads/Examples_Gtkmm-master/src/Test/build";
			};
			name = MinSizeRel;
		};
		64B8CE90090E4993B53F3523 /* MinSizeRel */ = {
			isa = XCBuildConfiguration;
			buildSettings = {
				COMBINE_HIDPI_IMAGES = YES;
				EXECUTABLE_PREFIX = "";
				EXECUTABLE_SUFFIX = "";
				GCC_GENERATE_DEBUGGING_SYMBOLS = NO;
				GCC_INLINES_ARE_PRIVATE_EXTERN = NO;
				GCC_OPTIMIZATION_LEVEL = s;
				GCC_PREPROCESSOR_DEFINITIONS = ("'CMAKE_INTDIR=\"$(CONFIGURATION)$(EFFECTIVE_PLATFORM_NAME)\"'");
				GCC_SYMBOLS_PRIVATE_EXTERN = NO;
				HEADER_SEARCH_PATHS = (/usr/local/Cellar/libffi/3.3/include,"/usr/local/Cellar/gtkmm3/3.24.2_1/include/gtkmm-3.0","/usr/local/Cellar/gtkmm3/3.24.2_1/lib/gtkmm-3.0/include","/usr/local/Cellar/atkmm/2.28.0_2/include/atkmm-1.6","/usr/local/Cellar/gtk+3/3.24.21/include/gtk-3.0/unix-print","/usr/local/Cellar/gtkmm3/3.24.2_1/include/gdkmm-3.0","/usr/local/Cellar/gtkmm3/3.24.2_1/lib/gdkmm-3.0/include","/usr/local/Cellar/glibmm/2.64.2/include/giomm-2.4","/usr/local/Cellar/glibmm/2.64.2/lib/giomm-2.4/include","/usr/local/Cellar/pangomm/2.42.1/include/pangomm-1.4","/usr/local/Cellar/pangomm/2.42.1/lib/pangomm-1.4/include","/usr/local/Cellar/glibmm/2.64.2/include/glibmm-2.4","/usr/local/Cellar/glibmm/2.64.2/lib/glibmm-2.4/include","/usr/local/Cellar/gtk+3/3.24.21/include/gtk-3.0","/usr/local/Cellar/glib/2.64.3/include/gio-unix-2.0",/usr/local/Cellar/cairo/1.16.0_3/include/cairo,/usr/local/Cellar/libepoxy/1.5.4_1/include,"/usr/local/Cellar/pango/1.44.7/include/pango-1.0",/usr/local/Cellar/fribidi/1.0.9/include/fribidi,/usr/local/Cellar/harfbuzz/2.6.8/include/harfbuzz,/usr/local/Cellar/graphite2/1.3.14/include,"/usr/local/Cellar/atk/2.36.0/include/atk-1.0","/usr/local/Cellar/cairomm/1.12.2_1/include/cairomm-1.0","/usr/local/Cellar/cairomm/1.12.2_1/lib/cairomm-1.0/include","/usr/local/Cellar/pixman/0.40.0/include/pixman-1",/usr/local/Cellar/fontconfig/2.13.1/include,/usr/local/opt/freetype/include/freetype2,/usr/local/Cellar/libpng/1.6.37/include/libpng16,"/usr/local/Cellar/libsigc++@2/2.10.3/include/sigc++-2.0","/usr/local/Cellar/libsigc++@2/2.10.3/lib/sigc++-2.0/include","/usr/local/Cellar/gdk-pixbuf/2.40.0_1/include/gdk-pixbuf-2.0",/usr/local/Cellar/glib/2.64.3/include,"/usr/local/Cellar/glib/2.64.3/include/glib-2.0","/usr/local/Cellar/glib/2.64.3/lib/glib-2.0/include",/usr/local/opt/gettext/include,/usr/local/Cellar/pcre/8.44/include);
				INFOPLIST_FILE = "/Users/shalomfriss/Downloads/Examples_Gtkmm-master/src/Test/CMakeFiles/Test.dir/Info.plist";
				INSTALL_PATH = "";
				LD_RUNPATH_SEARCH_PATHS = "/usr/local/Cellar/gtkmm3/3.24.2_1/lib /usr/local/Cellar/atkmm/2.28.0_2/lib /usr/local/Cellar/glibmm/2.64.2/lib /usr/local/Cellar/pangomm/2.42.1/lib /usr/local/Cellar/gtk+3/3.24.21/lib /usr/local/Cellar/pango/1.44.7/lib /usr/local/Cellar/harfbuzz/2.6.8/lib /usr/local/Cellar/atk/2.36.0/lib /usr/local/Cellar/cairo/1.16.0_3/lib /usr/local/Cellar/glib/2.64.3/lib /usr/local/Cellar/cairomm/1.12.2_1/lib /usr/local/Cellar/libsigc++@2/2.10.3/lib /usr/local/Cellar/gdk-pixbuf/2.40.0_1/lib /usr/local/opt/gettext/lib";
				LIBRARY_SEARCH_PATHS = " /usr/local/Cellar/gtkmm3/3.24.2_1/lib/$(CONFIGURATION)$(EFFECTIVE_PLATFORM_NAME) /usr/local/Cellar/gtkmm3/3.24.2_1/lib /usr/local/Cellar/atkmm/2.28.0_2/lib/$(CONFIGURATION)$(EFFECTIVE_PLATFORM_NAME) /usr/local/Cellar/atkmm/2.28.0_2/lib /usr/local/Cellar/glibmm/2.64.2/lib/$(CONFIGURATION)$(EFFECTIVE_PLATFORM_NAME) /usr/local/Cellar/glibmm/2.64.2/lib /usr/local/Cellar/pangomm/2.42.1/lib/$(CONFIGURATION)$(EFFECTIVE_PLATFORM_NAME) /usr/local/Cellar/pangomm/2.42.1/lib /usr/local/Cellar/gtk+3/3.24.21/lib/$(CONFIGURATION)$(EFFECTIVE_PLATFORM_NAME) /usr/local/Cellar/gtk+3/3.24.21/lib /usr/local/Cellar/pango/1.44.7/lib/$(CONFIGURATION)$(EFFECTIVE_PLATFORM_NAME) /usr/local/Cellar/pango/1.44.7/lib /usr/local/Cellar/harfbuzz/2.6.8/lib/$(CONFIGURATION)$(EFFECTIVE_PLATFORM_NAME) /usr/local/Cellar/harfbuzz/2.6.8/lib /usr/local/Cellar/atk/2.36.0/lib/$(CONFIGURATION)$(EFFECTIVE_PLATFORM_NAME) /usr/local/Cellar/atk/2.36.0/lib /usr/local/Cellar/cairo/1.16.0_3/lib/$(CONFIGURATION)$(EFFECTIVE_PLATFORM_NAME) /usr/local/Cellar/cairo/1.16.0_3/lib /usr/local/Cellar/glib/2.64.3/lib/$(CONFIGURATION)$(EFFECTIVE_PLATFORM_NAME) /usr/local/Cellar/glib/2.64.3/lib /usr/local/Cellar/cairomm/1.12.2_1/lib/$(CONFIGURATION)$(EFFECTIVE_PLATFORM_NAME) /usr/local/Cellar/cairomm/1.12.2_1/lib /usr/local/Cellar/libsigc++@2/2.10.3/lib/$(CONFIGURATION)$(EFFECTIVE_PLATFORM_NAME) /usr/local/Cellar/libsigc++@2/2.10.3/lib /usr/local/Cellar/gdk-pixbuf/2.40.0_1/lib/$(CONFIGURATION)$(EFFECTIVE_PLATFORM_NAME) /usr/local/Cellar/gdk-pixbuf/2.40.0_1/lib /usr/local/opt/gettext/lib/$(CONFIGURATION)$(EFFECTIVE_PLATFORM_NAME) /usr/local/opt/gettext/lib";
				OTHER_CPLUSPLUSFLAGS = "    -DNDEBUG '-std=gnu++17' ";
				OTHER_LDFLAGS = " -Wl,-search_paths_first -Wl,-headerpad_max_install_names  -lgtkmm-3.0 -latkmm-1.6 -lgdkmm-3.0 -lgiomm-2.4 -lpangomm-1.4 -lglibmm-2.4 -lgtk-3 -lgdk-3 -lpangocairo-1.0 -lpango-1.0 -lharfbuzz -latk-1.0 -lcairo-gobject -lgio-2.0 -lcairomm-1.0 -lcairo -lsigc-2.0 -lgdk_pixbuf-2.0 -lgobject-2.0 -lglib-2.0 -lintl";
				OTHER_REZFLAGS = "";
				PRODUCT_NAME = Test;
				SECTORDER_FLAGS = "";
				SYMROOT = "/Users/shalomfriss/Downloads/Examples_Gtkmm-master/src/Test";
				USE_HEADERMAP = NO;
				WARNING_CFLAGS = ("$(inherited)");
			};
			name = MinSizeRel;
		};
		6E924B6775B34AB787416406 /* Debug */ = {
			isa = XCBuildConfiguration;
			buildSettings = {
				COMBINE_HIDPI_IMAGES = YES;
				GCC_GENERATE_DEBUGGING_SYMBOLS = YES;
				GCC_INLINES_ARE_PRIVATE_EXTERN = NO;
				GCC_OPTIMIZATION_LEVEL = 0;
				GCC_PREPROCESSOR_DEFINITIONS = ("'CMAKE_INTDIR=\"$(CONFIGURATION)$(EFFECTIVE_PLATFORM_NAME)\"'");
				GCC_SYMBOLS_PRIVATE_EXTERN = NO;
				INSTALL_PATH = "";
				OTHER_LDFLAGS = " ";
				OTHER_REZFLAGS = "";
				PRODUCT_NAME = ALL_BUILD;
				SECTORDER_FLAGS = "";
				SYMROOT = "/Users/shalomfriss/Downloads/Examples_Gtkmm-master/src/Test";
				USE_HEADERMAP = NO;
				WARNING_CFLAGS = ("$(inherited)");
			};
			name = Debug;
		};
		B7C7EA399F244298A26B3282 /* Release */ = {
			isa = XCBuildConfiguration;
			buildSettings = {
				ONLY_ACTIVE_ARCH = YES;
				SDKROOT = /Applications/Xcode.app/Contents/Developer/Platforms/MacOSX.platform/Developer/SDKs/MacOSX10.15.sdk;
				SYMROOT = "/Users/shalomfriss/Downloads/Examples_Gtkmm-master/src/Test/build";
			};
			name = Release;
		};
		BE3E6D2F151244C58CFE1D1E /* RelWithDebInfo */ = {
			isa = XCBuildConfiguration;
			buildSettings = {
				COMBINE_HIDPI_IMAGES = YES;
				GCC_GENERATE_DEBUGGING_SYMBOLS = YES;
				GCC_INLINES_ARE_PRIVATE_EXTERN = NO;
				GCC_OPTIMIZATION_LEVEL = 0;
				GCC_PREPROCESSOR_DEFINITIONS = ("'CMAKE_INTDIR=\"$(CONFIGURATION)$(EFFECTIVE_PLATFORM_NAME)\"'");
				GCC_SYMBOLS_PRIVATE_EXTERN = NO;
				INSTALL_PATH = "";
				OTHER_LDFLAGS = " ";
				OTHER_REZFLAGS = "";
				PRODUCT_NAME = ZERO_CHECK;
				SECTORDER_FLAGS = "";
				SYMROOT = "/Users/shalomfriss/Downloads/Examples_Gtkmm-master/src/Test";
				USE_HEADERMAP = NO;
				WARNING_CFLAGS = ("$(inherited)");
			};
			name = RelWithDebInfo;
		};
		C4CA0D1546304155B04C0DC7 /* Release */ = {
			isa = XCBuildConfiguration;
			buildSettings = {
				COMBINE_HIDPI_IMAGES = YES;
				GCC_GENERATE_DEBUGGING_SYMBOLS = YES;
				GCC_INLINES_ARE_PRIVATE_EXTERN = NO;
				GCC_OPTIMIZATION_LEVEL = 0;
				GCC_PREPROCESSOR_DEFINITIONS = ("'CMAKE_INTDIR=\"$(CONFIGURATION)$(EFFECTIVE_PLATFORM_NAME)\"'");
				GCC_SYMBOLS_PRIVATE_EXTERN = NO;
				INSTALL_PATH = "";
				OTHER_LDFLAGS = " ";
				OTHER_REZFLAGS = "";
				PRODUCT_NAME = ZERO_CHECK;
				SECTORDER_FLAGS = "";
				SYMROOT = "/Users/shalomfriss/Downloads/Examples_Gtkmm-master/src/Test";
				USE_HEADERMAP = NO;
				WARNING_CFLAGS = ("$(inherited)");
			};
			name = Release;
		};
		C8928C572F7241C49C94795B /* RelWithDebInfo */ = {
			isa = XCBuildConfiguration;
			buildSettings = {
				ONLY_ACTIVE_ARCH = YES;
				SDKROOT = /Applications/Xcode.app/Contents/Developer/Platforms/MacOSX.platform/Developer/SDKs/MacOSX10.15.sdk;
				SYMROOT = "/Users/shalomfriss/Downloads/Examples_Gtkmm-master/src/Test/build";
			};
			name = RelWithDebInfo;
		};
		E0B4ED09A86742E7B653187D /* RelWithDebInfo */ = {
			isa = XCBuildConfiguration;
			buildSettings = {
				COMBINE_HIDPI_IMAGES = YES;
				GCC_GENERATE_DEBUGGING_SYMBOLS = YES;
				GCC_INLINES_ARE_PRIVATE_EXTERN = NO;
				GCC_OPTIMIZATION_LEVEL = 0;
				GCC_PREPROCESSOR_DEFINITIONS = ("'CMAKE_INTDIR=\"$(CONFIGURATION)$(EFFECTIVE_PLATFORM_NAME)\"'");
				GCC_SYMBOLS_PRIVATE_EXTERN = NO;
				INSTALL_PATH = "";
				OTHER_LDFLAGS = " ";
				OTHER_REZFLAGS = "";
				PRODUCT_NAME = ALL_BUILD;
				SECTORDER_FLAGS = "";
				SYMROOT = "/Users/shalomfriss/Downloads/Examples_Gtkmm-master/src/Test";
				USE_HEADERMAP = NO;
				WARNING_CFLAGS = ("$(inherited)");
			};
			name = RelWithDebInfo;
		};
		E7293024C2F146138AFED969 /* Release */ = {
			isa = XCBuildConfiguration;
			buildSettings = {
				COMBINE_HIDPI_IMAGES = YES;
				GCC_GENERATE_DEBUGGING_SYMBOLS = YES;
				GCC_INLINES_ARE_PRIVATE_EXTERN = NO;
				GCC_OPTIMIZATION_LEVEL = 0;
				GCC_PREPROCESSOR_DEFINITIONS = ("'CMAKE_INTDIR=\"$(CONFIGURATION)$(EFFECTIVE_PLATFORM_NAME)\"'");
				GCC_SYMBOLS_PRIVATE_EXTERN = NO;
				INSTALL_PATH = "";
				OTHER_LDFLAGS = " ";
				OTHER_REZFLAGS = "";
				PRODUCT_NAME = ALL_BUILD;
				SECTORDER_FLAGS = "";
				SYMROOT = "/Users/shalomfriss/Downloads/Examples_Gtkmm-master/src/Test";
				USE_HEADERMAP = NO;
				WARNING_CFLAGS = ("$(inherited)");
			};
			name = Release;
		};
/* End XCBuildConfiguration section */

/* Begin XCConfigurationList section */
		0015F1C340D843A2BA61E8C2 /* Build configuration list for PBXAggregateTarget "ALL_BUILD" */ = {
			isa = XCConfigurationList;
			buildConfigurations = (
				6E924B6775B34AB787416406 /* Debug */,
				E7293024C2F146138AFED969 /* Release */,
				48215D0ED2064972A3B1AFB6 /* MinSizeRel */,
				E0B4ED09A86742E7B653187D /* RelWithDebInfo */,
			);
			defaultConfigurationIsVisible = 0;
			defaultConfigurationName = Debug;
		};
		6D80150DE9E947BA8A16B8C2 /* Build configuration list for PBXProject "Test" */ = {
			isa = XCConfigurationList;
			buildConfigurations = (
				28E2C819A69C4237B23EF583 /* Debug */,
				B7C7EA399F244298A26B3282 /* Release */,
				5C3F664AE5694E64A150C80C /* MinSizeRel */,
				C8928C572F7241C49C94795B /* RelWithDebInfo */,
			);
			defaultConfigurationIsVisible = 0;
			defaultConfigurationName = Debug;
		};
		A2E03601AF5D44E1AB7C5BE0 /* Build configuration list for PBXNativeTarget "Test" */ = {
			isa = XCConfigurationList;
			buildConfigurations = (
				129BBDA1EB8B4A66B3827BD5 /* Debug */,
				0746758D61F543E09B64B015 /* Release */,
				64B8CE90090E4993B53F3523 /* MinSizeRel */,
				302B43330F724542985C54FE /* RelWithDebInfo */,
			);
			defaultConfigurationIsVisible = 0;
			defaultConfigurationName = Debug;
		};
		C125E59ACBE74968A280BFBA /* Build configuration list for PBXAggregateTarget "ZERO_CHECK" */ = {
			isa = XCConfigurationList;
			buildConfigurations = (
				4B1D56828E1845D4BFE5A71C /* Debug */,
				C4CA0D1546304155B04C0DC7 /* Release */,
				24468D42598A4EF1891C029E /* MinSizeRel */,
				BE3E6D2F151244C58CFE1D1E /* RelWithDebInfo */,
			);
			defaultConfigurationIsVisible = 0;
			defaultConfigurationName = Debug;
		};
/* End XCConfigurationList section */
	};
	rootObject = 2B5718E9FA00471DBC0F4A9C /* Project object */;
}
